
Microsoft Visual Studio Solution File, Format Version 9.00
# Visual C# Express 2005
Project("{FAE04EC0-301F-11D3-BF4B-00C04F79EFBC}") = "Physics", "Physics\Physics.csproj", "{4AA0A1F5-0F11-4D86-9D43-85A12835572F}"
EndProject
Global
	GlobalSection(SolutionConfigurationPlatforms) = preSolution
		Debug|Any CPU = Debug|Any CPU
		Release|Any CPU = Release|Any CPU
	EndGlobalSection
	GlobalSection(ProjectConfigurationPlatforms) = postSolution
		{4AA0A1F5-0F11-4D86-9D43-85A12835572F}.Debug|Any CPU.ActiveCfg = Debug|Any CPU
		{4AA0A1F5-0F11-4D86-9D43-85A12835572F}.Debug|Any CPU.Build.0 = Debug|Any CPU
		{4AA0A1F5-0F11-4D86-9D43-85A12835572F}.Release|Any CPU.ActiveCfg = Release|Any CPU
		{4AA0A1F5-0F11-4D86-9D43-85A12835572F}.Release|Any CPU.Build.0 = Release|Any CPU
	EndGlobalSection
	GlobalSection(SolutionProperties) = preSolution
		HideSolutionNode = FALSE
	EndGlobalSection
EndGlobal
