
Microsoft Visual Studio Solution File, Format Version 9.00
# Visual Studio 2005
Project("{8BC9CEB8-8B4A-11D0-8D11-00A0C91BC942}") = "spu_thr_printf_2", "spu_thr_printf_2.vcproj", "{3494AF8B-FDA7-4CEA-B775-4C5C45599D5F}"
	ProjectSection(ProjectDependencies) = postProject
		{47EE939D-CB3D-4600-B8B6-79FDF607E133} = {47EE939D-CB3D-4600-B8B6-79FDF607E133}
	EndProjectSection
EndProject
Project("{8BC9CEB8-8B4A-11D0-8D11-00A0C91BC942}") = "SPU_printf", "SPU_printf\SPU_printf.vcproj", "{47EE939D-CB3D-4600-B8B6-79FDF607E133}"
EndProject
Global
	GlobalSection(SolutionConfigurationPlatforms) = preSolution
		PS3 Debug|Win32 = PS3 Debug|Win32
		PS3 Release|Win32 = PS3 Release|Win32
	EndGlobalSection
	GlobalSection(ProjectConfigurationPlatforms) = postSolution
		{3494AF8B-FDA7-4CEA-B775-4C5C45599D5F}.PS3 Debug|Win32.ActiveCfg = PS3 Debug|Win32
		{3494AF8B-FDA7-4CEA-B775-4C5C45599D5F}.PS3 Debug|Win32.Build.0 = PS3 Debug|Win32
		{3494AF8B-FDA7-4CEA-B775-4C5C45599D5F}.PS3 Release|Win32.ActiveCfg = PS3 Release|Win32
		{3494AF8B-FDA7-4CEA-B775-4C5C45599D5F}.PS3 Release|Win32.Build.0 = PS3 Release|Win32
		{47EE939D-CB3D-4600-B8B6-79FDF607E133}.PS3 Debug|Win32.ActiveCfg = PS3 Debug|Win32
		{47EE939D-CB3D-4600-B8B6-79FDF607E133}.PS3 Debug|Win32.Build.0 = PS3 Debug|Win32
		{47EE939D-CB3D-4600-B8B6-79FDF607E133}.PS3 Release|Win32.ActiveCfg = PS3 Release|Win32
		{47EE939D-CB3D-4600-B8B6-79FDF607E133}.PS3 Release|Win32.Build.0 = PS3 Release|Win32
	EndGlobalSection
	GlobalSection(SolutionProperties) = preSolution
		HideSolutionNode = FALSE
	EndGlobalSection
EndGlobal
