Microsoft Visual Studio Solution File, Format Version 8.00
Project("{8BC9CEB8-8B4A-11D0-8D11-00A0C91BC942}") = "Opcode", "Opcode.vcproj", "{4B23B91D-D4D6-4ED6-9583-FE6CC3730F51}"
	ProjectSection(ProjectDependencies) = postProject
	EndProjectSection
EndProject
Global
	GlobalSection(SolutionConfiguration) = preSolution
		Debug = Debug
		Release = Release
	EndGlobalSection
	GlobalSection(ProjectConfiguration) = postSolution
		{4B23B91D-D4D6-4ED6-9583-FE6CC3730F51}.Debug.ActiveCfg = Debug|Win32
		{4B23B91D-D4D6-4ED6-9583-FE6CC3730F51}.Debug.Build.0 = Debug|Win32
		{4B23B91D-D4D6-4ED6-9583-FE6CC3730F51}.Release.ActiveCfg = Release|Win32
		{4B23B91D-D4D6-4ED6-9583-FE6CC3730F51}.Release.Build.0 = Release|Win32
	EndGlobalSection
	GlobalSection(ExtensibilityGlobals) = postSolution
	EndGlobalSection
	GlobalSection(ExtensibilityAddIns) = postSolution
	EndGlobalSection
EndGlobal
