Microsoft Visual Studio Solution File, Format Version 10.00
# Visual Studio 2008
Project("{8BC9CEB8-8B4A-11D0-8D11-00A0C91BC942}") = "AppAllBulletDemos", "Demos\AllBulletDemos\AppAllBulletDemos.vcproj", "{EADF384F-2D78-4AA5-8CED-FA3FA545002C}"
	ProjectSection(ProjectDependencies) = postProject
		{6DCA37A5-BCF5-4CDD-8CCA-7D33DE9A619C} = {6DCA37A5-BCF5-4CDD-8CCA-7D33DE9A619C}
		{BAB3D7E2-358F-4D37-B7C4-1ED97648463D} = {BAB3D7E2-358F-4D37-B7C4-1ED97648463D}
		{5D250DEC-4653-4B84-A7B5-3C26661E565E} = {5D250DEC-4653-4B84-A7B5-3C26661E565E}
		{A0E7D548-5EF1-4D5A-A1E0-B92EC1EE6A3B} = {A0E7D548-5EF1-4D5A-A1E0-B92EC1EE6A3B}
		{8D7F86F9-92DE-412A-BA72-88D24927E63E} = {8D7F86F9-92DE-412A-BA72-88D24927E63E}
		{A926FC5F-8D16-4E23-9EBC-D7F69F92C380} = {A926FC5F-8D16-4E23-9EBC-D7F69F92C380}
		{10FCD97B-724F-493D-9068-00BBE6303ADB} = {10FCD97B-724F-493D-9068-00BBE6303ADB}
		{C50159E6-AB98-46A3-81DA-720CC6A8A86E} = {C50159E6-AB98-46A3-81DA-720CC6A8A86E}
		{C0E1329C-3D6F-492D-8EFF-08069F096C6E} = {C0E1329C-3D6F-492D-8EFF-08069F096C6E}
		{CCDF45E1-7A69-4D94-97F0-51D52A4E08B4} = {CCDF45E1-7A69-4D94-97F0-51D52A4E08B4}
		{519F115F-F196-49FE-9B24-49618A6202BB} = {519F115F-F196-49FE-9B24-49618A6202BB}
		{DB7C4333-F4CF-44C8-BA5C-6D36E177D440} = {DB7C4333-F4CF-44C8-BA5C-6D36E177D440}
	EndProjectSection
EndProject
Project("{8BC9CEB8-8B4A-11D0-8D11-00A0C91BC942}") = "AppBasicDemo", "Demos\BasicDemo\AppBasicDemo.vcproj", "{685AC6A4-0FC0-4140-9C22-0856043D56F5}"
	ProjectSection(ProjectDependencies) = postProject
		{8D7F86F9-92DE-412A-BA72-88D24927E63E} = {8D7F86F9-92DE-412A-BA72-88D24927E63E}
		{C50159E6-AB98-46A3-81DA-720CC6A8A86E} = {C50159E6-AB98-46A3-81DA-720CC6A8A86E}
		{C0E1329C-3D6F-492D-8EFF-08069F096C6E} = {C0E1329C-3D6F-492D-8EFF-08069F096C6E}
		{519F115F-F196-49FE-9B24-49618A6202BB} = {519F115F-F196-49FE-9B24-49618A6202BB}
		{DB7C4333-F4CF-44C8-BA5C-6D36E177D440} = {DB7C4333-F4CF-44C8-BA5C-6D36E177D440}
	EndProjectSection
EndProject
Project("{8BC9CEB8-8B4A-11D0-8D11-00A0C91BC942}") = "AppBenchmarks", "Demos\Benchmarks\AppBenchmarks.vcproj", "{A3D10C28-86E3-4D87-BDA5-BB948B18E5C2}"
	ProjectSection(ProjectDependencies) = postProject
		{8D7F86F9-92DE-412A-BA72-88D24927E63E} = {8D7F86F9-92DE-412A-BA72-88D24927E63E}
		{C50159E6-AB98-46A3-81DA-720CC6A8A86E} = {C50159E6-AB98-46A3-81DA-720CC6A8A86E}
		{C0E1329C-3D6F-492D-8EFF-08069F096C6E} = {C0E1329C-3D6F-492D-8EFF-08069F096C6E}
		{519F115F-F196-49FE-9B24-49618A6202BB} = {519F115F-F196-49FE-9B24-49618A6202BB}
		{DB7C4333-F4CF-44C8-BA5C-6D36E177D440} = {DB7C4333-F4CF-44C8-BA5C-6D36E177D440}
	EndProjectSection
EndProject
Project("{8BC9CEB8-8B4A-11D0-8D11-00A0C91BC942}") = "AppBox2dDemo", "Demos\Box2dDemo\AppBox2dDemo.vcproj", "{55D7A96A-5F76-4023-8A1B-BB7AECFAE055}"
	ProjectSection(ProjectDependencies) = postProject
		{8D7F86F9-92DE-412A-BA72-88D24927E63E} = {8D7F86F9-92DE-412A-BA72-88D24927E63E}
		{C50159E6-AB98-46A3-81DA-720CC6A8A86E} = {C50159E6-AB98-46A3-81DA-720CC6A8A86E}
		{C0E1329C-3D6F-492D-8EFF-08069F096C6E} = {C0E1329C-3D6F-492D-8EFF-08069F096C6E}
		{519F115F-F196-49FE-9B24-49618A6202BB} = {519F115F-F196-49FE-9B24-49618A6202BB}
		{DB7C4333-F4CF-44C8-BA5C-6D36E177D440} = {DB7C4333-F4CF-44C8-BA5C-6D36E177D440}
	EndProjectSection
EndProject
Project("{8BC9CEB8-8B4A-11D0-8D11-00A0C91BC942}") = "AppBspPhysicsDemo", "Demos\BspDemo\AppBspPhysicsDemo.vcproj", "{DB50F333-8F9D-47B8-9C6E-0A1F40F21BF7}"
	ProjectSection(ProjectDependencies) = postProject
		{8D7F86F9-92DE-412A-BA72-88D24927E63E} = {8D7F86F9-92DE-412A-BA72-88D24927E63E}
		{C50159E6-AB98-46A3-81DA-720CC6A8A86E} = {C50159E6-AB98-46A3-81DA-720CC6A8A86E}
		{C0E1329C-3D6F-492D-8EFF-08069F096C6E} = {C0E1329C-3D6F-492D-8EFF-08069F096C6E}
		{519F115F-F196-49FE-9B24-49618A6202BB} = {519F115F-F196-49FE-9B24-49618A6202BB}
		{DB7C4333-F4CF-44C8-BA5C-6D36E177D440} = {DB7C4333-F4CF-44C8-BA5C-6D36E177D440}
	EndProjectSection
EndProject
Project("{8BC9CEB8-8B4A-11D0-8D11-00A0C91BC942}") = "AppCcdPhysicsDemo", "Demos\CcdPhysicsDemo\AppCcdPhysicsDemo.vcproj", "{05C21C87-56DB-4FED-BA6B-18D9AE0A22A9}"
	ProjectSection(ProjectDependencies) = postProject
		{8D7F86F9-92DE-412A-BA72-88D24927E63E} = {8D7F86F9-92DE-412A-BA72-88D24927E63E}
		{C50159E6-AB98-46A3-81DA-720CC6A8A86E} = {C50159E6-AB98-46A3-81DA-720CC6A8A86E}
		{C0E1329C-3D6F-492D-8EFF-08069F096C6E} = {C0E1329C-3D6F-492D-8EFF-08069F096C6E}
		{519F115F-F196-49FE-9B24-49618A6202BB} = {519F115F-F196-49FE-9B24-49618A6202BB}
		{DB7C4333-F4CF-44C8-BA5C-6D36E177D440} = {DB7C4333-F4CF-44C8-BA5C-6D36E177D440}
	EndProjectSection
EndProject
Project("{8BC9CEB8-8B4A-11D0-8D11-00A0C91BC942}") = "AppCharacterDemo", "Demos\CharacterDemo\AppCharacterDemo.vcproj", "{069D6674-27CA-43BA-83D2-FF5A41E0BA86}"
	ProjectSection(ProjectDependencies) = postProject
		{8D7F86F9-92DE-412A-BA72-88D24927E63E} = {8D7F86F9-92DE-412A-BA72-88D24927E63E}
		{C50159E6-AB98-46A3-81DA-720CC6A8A86E} = {C50159E6-AB98-46A3-81DA-720CC6A8A86E}
		{C0E1329C-3D6F-492D-8EFF-08069F096C6E} = {C0E1329C-3D6F-492D-8EFF-08069F096C6E}
		{519F115F-F196-49FE-9B24-49618A6202BB} = {519F115F-F196-49FE-9B24-49618A6202BB}
		{DB7C4333-F4CF-44C8-BA5C-6D36E177D440} = {DB7C4333-F4CF-44C8-BA5C-6D36E177D440}
	EndProjectSection
EndProject
Project("{8BC9CEB8-8B4A-11D0-8D11-00A0C91BC942}") = "AppCollisionDemo", "Demos\CollisionDemo\AppCollisionDemo.vcproj", "{912DC5FB-4F88-4DBF-8D7B-F273FA45B436}"
	ProjectSection(ProjectDependencies) = postProject
		{8D7F86F9-92DE-412A-BA72-88D24927E63E} = {8D7F86F9-92DE-412A-BA72-88D24927E63E}
		{C50159E6-AB98-46A3-81DA-720CC6A8A86E} = {C50159E6-AB98-46A3-81DA-720CC6A8A86E}
		{C0E1329C-3D6F-492D-8EFF-08069F096C6E} = {C0E1329C-3D6F-492D-8EFF-08069F096C6E}
		{519F115F-F196-49FE-9B24-49618A6202BB} = {519F115F-F196-49FE-9B24-49618A6202BB}
		{DB7C4333-F4CF-44C8-BA5C-6D36E177D440} = {DB7C4333-F4CF-44C8-BA5C-6D36E177D440}
	EndProjectSection
EndProject
Project("{8BC9CEB8-8B4A-11D0-8D11-00A0C91BC942}") = "AppCollisionInterfaceDemo", "Demos\CollisionInterfaceDemo\AppCollisionInterfaceDemo.vcproj", "{375A698C-164D-4E17-8CF7-0010F341DEFF}"
	ProjectSection(ProjectDependencies) = postProject
		{8D7F86F9-92DE-412A-BA72-88D24927E63E} = {8D7F86F9-92DE-412A-BA72-88D24927E63E}
		{C50159E6-AB98-46A3-81DA-720CC6A8A86E} = {C50159E6-AB98-46A3-81DA-720CC6A8A86E}
		{C0E1329C-3D6F-492D-8EFF-08069F096C6E} = {C0E1329C-3D6F-492D-8EFF-08069F096C6E}
		{519F115F-F196-49FE-9B24-49618A6202BB} = {519F115F-F196-49FE-9B24-49618A6202BB}
		{DB7C4333-F4CF-44C8-BA5C-6D36E177D440} = {DB7C4333-F4CF-44C8-BA5C-6D36E177D440}
	EndProjectSection
EndProject
Project("{8BC9CEB8-8B4A-11D0-8D11-00A0C91BC942}") = "AppConcaveConvexCastDemo", "Demos\ConcaveConvexcastDemo\AppConcaveConvexCastDemo.vcproj", "{384E5EC6-FE0A-4266-BF0A-B18987284F40}"
	ProjectSection(ProjectDependencies) = postProject
		{8D7F86F9-92DE-412A-BA72-88D24927E63E} = {8D7F86F9-92DE-412A-BA72-88D24927E63E}
		{C50159E6-AB98-46A3-81DA-720CC6A8A86E} = {C50159E6-AB98-46A3-81DA-720CC6A8A86E}
		{C0E1329C-3D6F-492D-8EFF-08069F096C6E} = {C0E1329C-3D6F-492D-8EFF-08069F096C6E}
		{519F115F-F196-49FE-9B24-49618A6202BB} = {519F115F-F196-49FE-9B24-49618A6202BB}
		{DB7C4333-F4CF-44C8-BA5C-6D36E177D440} = {DB7C4333-F4CF-44C8-BA5C-6D36E177D440}
	EndProjectSection
EndProject
Project("{8BC9CEB8-8B4A-11D0-8D11-00A0C91BC942}") = "AppConcaveDemo", "Demos\ConcaveDemo\AppConcaveDemo.vcproj", "{B3CF57A1-63B1-416A-ABB9-CAFF2A0BB73C}"
	ProjectSection(ProjectDependencies) = postProject
		{8D7F86F9-92DE-412A-BA72-88D24927E63E} = {8D7F86F9-92DE-412A-BA72-88D24927E63E}
		{A926FC5F-8D16-4E23-9EBC-D7F69F92C380} = {A926FC5F-8D16-4E23-9EBC-D7F69F92C380}
		{C50159E6-AB98-46A3-81DA-720CC6A8A86E} = {C50159E6-AB98-46A3-81DA-720CC6A8A86E}
		{C0E1329C-3D6F-492D-8EFF-08069F096C6E} = {C0E1329C-3D6F-492D-8EFF-08069F096C6E}
		{CCDF45E1-7A69-4D94-97F0-51D52A4E08B4} = {CCDF45E1-7A69-4D94-97F0-51D52A4E08B4}
		{519F115F-F196-49FE-9B24-49618A6202BB} = {519F115F-F196-49FE-9B24-49618A6202BB}
		{DB7C4333-F4CF-44C8-BA5C-6D36E177D440} = {DB7C4333-F4CF-44C8-BA5C-6D36E177D440}
	EndProjectSection
EndProject
Project("{8BC9CEB8-8B4A-11D0-8D11-00A0C91BC942}") = "AppConcaveRayCastDemo", "Demos\ConcaveRaycastDemo\AppConcaveRayCastDemo.vcproj", "{31B41D68-02A1-4DD7-8D66-74B11CE40620}"
	ProjectSection(ProjectDependencies) = postProject
		{8D7F86F9-92DE-412A-BA72-88D24927E63E} = {8D7F86F9-92DE-412A-BA72-88D24927E63E}
		{C50159E6-AB98-46A3-81DA-720CC6A8A86E} = {C50159E6-AB98-46A3-81DA-720CC6A8A86E}
		{C0E1329C-3D6F-492D-8EFF-08069F096C6E} = {C0E1329C-3D6F-492D-8EFF-08069F096C6E}
		{519F115F-F196-49FE-9B24-49618A6202BB} = {519F115F-F196-49FE-9B24-49618A6202BB}
		{DB7C4333-F4CF-44C8-BA5C-6D36E177D440} = {DB7C4333-F4CF-44C8-BA5C-6D36E177D440}
	EndProjectSection
EndProject
Project("{8BC9CEB8-8B4A-11D0-8D11-00A0C91BC942}") = "AppConstraintDemo", "Demos\ConstraintDemo\AppConstraintDemo.vcproj", "{79BDAED4-2D8B-4333-A37A-5CF6370D4B34}"
	ProjectSection(ProjectDependencies) = postProject
		{8D7F86F9-92DE-412A-BA72-88D24927E63E} = {8D7F86F9-92DE-412A-BA72-88D24927E63E}
		{A926FC5F-8D16-4E23-9EBC-D7F69F92C380} = {A926FC5F-8D16-4E23-9EBC-D7F69F92C380}
		{C50159E6-AB98-46A3-81DA-720CC6A8A86E} = {C50159E6-AB98-46A3-81DA-720CC6A8A86E}
		{C0E1329C-3D6F-492D-8EFF-08069F096C6E} = {C0E1329C-3D6F-492D-8EFF-08069F096C6E}
		{519F115F-F196-49FE-9B24-49618A6202BB} = {519F115F-F196-49FE-9B24-49618A6202BB}
		{CCDF45E1-7A69-4D94-97F0-51D52A4E08B4} = {CCDF45E1-7A69-4D94-97F0-51D52A4E08B4}
		{DB7C4333-F4CF-44C8-BA5C-6D36E177D440} = {DB7C4333-F4CF-44C8-BA5C-6D36E177D440}
	EndProjectSection
EndProject
Project("{8BC9CEB8-8B4A-11D0-8D11-00A0C91BC942}") = "AppContinuousConvexCollisionDemo", "Demos\ContinuousConvexCollision\AppContinuousConvexCollisionDemo.vcproj", "{933CADEA-8DC9-4115-9A12-201A69756A7A}"
	ProjectSection(ProjectDependencies) = postProject
		{8D7F86F9-92DE-412A-BA72-88D24927E63E} = {8D7F86F9-92DE-412A-BA72-88D24927E63E}
		{C50159E6-AB98-46A3-81DA-720CC6A8A86E} = {C50159E6-AB98-46A3-81DA-720CC6A8A86E}
		{C0E1329C-3D6F-492D-8EFF-08069F096C6E} = {C0E1329C-3D6F-492D-8EFF-08069F096C6E}
		{519F115F-F196-49FE-9B24-49618A6202BB} = {519F115F-F196-49FE-9B24-49618A6202BB}
		{DB7C4333-F4CF-44C8-BA5C-6D36E177D440} = {DB7C4333-F4CF-44C8-BA5C-6D36E177D440}
	EndProjectSection
EndProject
Project("{8BC9CEB8-8B4A-11D0-8D11-00A0C91BC942}") = "AppConvexDecompositionDemo", "Demos\ConvexDecompositionDemo\AppConvexDecompositionDemo.vcproj", "{344664F5-FE09-4E73-A4A2-7BC263057DC3}"
	ProjectSection(ProjectDependencies) = postProject
		{8D7F86F9-92DE-412A-BA72-88D24927E63E} = {8D7F86F9-92DE-412A-BA72-88D24927E63E}
		{A926FC5F-8D16-4E23-9EBC-D7F69F92C380} = {A926FC5F-8D16-4E23-9EBC-D7F69F92C380}
		{C50159E6-AB98-46A3-81DA-720CC6A8A86E} = {C50159E6-AB98-46A3-81DA-720CC6A8A86E}
		{C0E1329C-3D6F-492D-8EFF-08069F096C6E} = {C0E1329C-3D6F-492D-8EFF-08069F096C6E}
		{519F115F-F196-49FE-9B24-49618A6202BB} = {519F115F-F196-49FE-9B24-49618A6202BB}
		{CCDF45E1-7A69-4D94-97F0-51D52A4E08B4} = {CCDF45E1-7A69-4D94-97F0-51D52A4E08B4}
		{5D250DEC-4653-4B84-A7B5-3C26661E565E} = {5D250DEC-4653-4B84-A7B5-3C26661E565E}
		{DB7C4333-F4CF-44C8-BA5C-6D36E177D440} = {DB7C4333-F4CF-44C8-BA5C-6D36E177D440}
	EndProjectSection
EndProject
Project("{8BC9CEB8-8B4A-11D0-8D11-00A0C91BC942}") = "AppDoublePrecisionDemo", "Demos\DoublePrecisionDemo\AppDoublePrecisionDemo.vcproj", "{72DE4E35-7EFA-46E3-9198-AA9C2EEF6F39}"
	ProjectSection(ProjectDependencies) = postProject
		{8D7F86F9-92DE-412A-BA72-88D24927E63E} = {8D7F86F9-92DE-412A-BA72-88D24927E63E}
		{C50159E6-AB98-46A3-81DA-720CC6A8A86E} = {C50159E6-AB98-46A3-81DA-720CC6A8A86E}
		{C0E1329C-3D6F-492D-8EFF-08069F096C6E} = {C0E1329C-3D6F-492D-8EFF-08069F096C6E}
		{519F115F-F196-49FE-9B24-49618A6202BB} = {519F115F-F196-49FE-9B24-49618A6202BB}
		{DB7C4333-F4CF-44C8-BA5C-6D36E177D440} = {DB7C4333-F4CF-44C8-BA5C-6D36E177D440}
	EndProjectSection
EndProject
Project("{8BC9CEB8-8B4A-11D0-8D11-00A0C91BC942}") = "AppForkLiftDemo", "Demos\ForkLiftDemo\AppForkLiftDemo.vcproj", "{F5818E45-F18B-4943-BF9A-5116DD39E835}"
	ProjectSection(ProjectDependencies) = postProject
		{8D7F86F9-92DE-412A-BA72-88D24927E63E} = {8D7F86F9-92DE-412A-BA72-88D24927E63E}
		{C50159E6-AB98-46A3-81DA-720CC6A8A86E} = {C50159E6-AB98-46A3-81DA-720CC6A8A86E}
		{C0E1329C-3D6F-492D-8EFF-08069F096C6E} = {C0E1329C-3D6F-492D-8EFF-08069F096C6E}
		{519F115F-F196-49FE-9B24-49618A6202BB} = {519F115F-F196-49FE-9B24-49618A6202BB}
		{DB7C4333-F4CF-44C8-BA5C-6D36E177D440} = {DB7C4333-F4CF-44C8-BA5C-6D36E177D440}
	EndProjectSection
EndProject
Project("{8BC9CEB8-8B4A-11D0-8D11-00A0C91BC942}") = "AppGenericJointDemo", "Demos\GenericJointDemo\AppGenericJointDemo.vcproj", "{C9FDB231-1646-4378-9BCF-6DCF8C40A6F7}"
	ProjectSection(ProjectDependencies) = postProject
		{8D7F86F9-92DE-412A-BA72-88D24927E63E} = {8D7F86F9-92DE-412A-BA72-88D24927E63E}
		{C50159E6-AB98-46A3-81DA-720CC6A8A86E} = {C50159E6-AB98-46A3-81DA-720CC6A8A86E}
		{C0E1329C-3D6F-492D-8EFF-08069F096C6E} = {C0E1329C-3D6F-492D-8EFF-08069F096C6E}
		{519F115F-F196-49FE-9B24-49618A6202BB} = {519F115F-F196-49FE-9B24-49618A6202BB}
		{DB7C4333-F4CF-44C8-BA5C-6D36E177D440} = {DB7C4333-F4CF-44C8-BA5C-6D36E177D440}
	EndProjectSection
EndProject
Project("{8BC9CEB8-8B4A-11D0-8D11-00A0C91BC942}") = "AppHelloWorld", "Demos\HelloWorld\AppHelloWorld.vcproj", "{74C1235E-AC4D-420B-85B3-B0B93208F699}"
	ProjectSection(ProjectDependencies) = postProject
		{C50159E6-AB98-46A3-81DA-720CC6A8A86E} = {C50159E6-AB98-46A3-81DA-720CC6A8A86E}
		{C0E1329C-3D6F-492D-8EFF-08069F096C6E} = {C0E1329C-3D6F-492D-8EFF-08069F096C6E}
		{519F115F-F196-49FE-9B24-49618A6202BB} = {519F115F-F196-49FE-9B24-49618A6202BB}
		{DB7C4333-F4CF-44C8-BA5C-6D36E177D440} = {DB7C4333-F4CF-44C8-BA5C-6D36E177D440}
	EndProjectSection
EndProject
Project("{8BC9CEB8-8B4A-11D0-8D11-00A0C91BC942}") = "AppInternalEdgeDemo", "Demos\InternalEdgeDemo\AppInternalEdgeDemo.vcproj", "{98845F12-65EC-4F24-A0B6-26B60298F197}"
	ProjectSection(ProjectDependencies) = postProject
		{8D7F86F9-92DE-412A-BA72-88D24927E63E} = {8D7F86F9-92DE-412A-BA72-88D24927E63E}
		{C50159E6-AB98-46A3-81DA-720CC6A8A86E} = {C50159E6-AB98-46A3-81DA-720CC6A8A86E}
		{C0E1329C-3D6F-492D-8EFF-08069F096C6E} = {C0E1329C-3D6F-492D-8EFF-08069F096C6E}
		{519F115F-F196-49FE-9B24-49618A6202BB} = {519F115F-F196-49FE-9B24-49618A6202BB}
		{DB7C4333-F4CF-44C8-BA5C-6D36E177D440} = {DB7C4333-F4CF-44C8-BA5C-6D36E177D440}
	EndProjectSection
EndProject
Project("{8BC9CEB8-8B4A-11D0-8D11-00A0C91BC942}") = "AppLinearConvexCastDemo", "Demos\GjkConvexCastDemo\AppLinearConvexCastDemo.vcproj", "{06782593-95BE-4F74-AE8C-E9318C447A44}"
	ProjectSection(ProjectDependencies) = postProject
		{8D7F86F9-92DE-412A-BA72-88D24927E63E} = {8D7F86F9-92DE-412A-BA72-88D24927E63E}
		{C50159E6-AB98-46A3-81DA-720CC6A8A86E} = {C50159E6-AB98-46A3-81DA-720CC6A8A86E}
		{C0E1329C-3D6F-492D-8EFF-08069F096C6E} = {C0E1329C-3D6F-492D-8EFF-08069F096C6E}
		{519F115F-F196-49FE-9B24-49618A6202BB} = {519F115F-F196-49FE-9B24-49618A6202BB}
		{DB7C4333-F4CF-44C8-BA5C-6D36E177D440} = {DB7C4333-F4CF-44C8-BA5C-6D36E177D440}
	EndProjectSection
EndProject
Project("{8BC9CEB8-8B4A-11D0-8D11-00A0C91BC942}") = "AppMotorDemo", "Demos\DynamicControlDemo\AppMotorDemo.vcproj", "{951DB733-69B8-4091-903C-E39185DB8A9E}"
	ProjectSection(ProjectDependencies) = postProject
		{8D7F86F9-92DE-412A-BA72-88D24927E63E} = {8D7F86F9-92DE-412A-BA72-88D24927E63E}
		{C50159E6-AB98-46A3-81DA-720CC6A8A86E} = {C50159E6-AB98-46A3-81DA-720CC6A8A86E}
		{C0E1329C-3D6F-492D-8EFF-08069F096C6E} = {C0E1329C-3D6F-492D-8EFF-08069F096C6E}
		{519F115F-F196-49FE-9B24-49618A6202BB} = {519F115F-F196-49FE-9B24-49618A6202BB}
		{DB7C4333-F4CF-44C8-BA5C-6D36E177D440} = {DB7C4333-F4CF-44C8-BA5C-6D36E177D440}
	EndProjectSection
EndProject
Project("{8BC9CEB8-8B4A-11D0-8D11-00A0C91BC942}") = "AppMovingConcaveDemo", "Demos\MovingConcaveDemo\AppMovingConcaveDemo.vcproj", "{27552E0B-BADC-4158-BDC0-C3A923956B79}"
	ProjectSection(ProjectDependencies) = postProject
		{8D7F86F9-92DE-412A-BA72-88D24927E63E} = {8D7F86F9-92DE-412A-BA72-88D24927E63E}
		{C50159E6-AB98-46A3-81DA-720CC6A8A86E} = {C50159E6-AB98-46A3-81DA-720CC6A8A86E}
		{C0E1329C-3D6F-492D-8EFF-08069F096C6E} = {C0E1329C-3D6F-492D-8EFF-08069F096C6E}
		{519F115F-F196-49FE-9B24-49618A6202BB} = {519F115F-F196-49FE-9B24-49618A6202BB}
		{DB7C4333-F4CF-44C8-BA5C-6D36E177D440} = {DB7C4333-F4CF-44C8-BA5C-6D36E177D440}
	EndProjectSection
EndProject
Project("{8BC9CEB8-8B4A-11D0-8D11-00A0C91BC942}") = "AppMultiMaterialDemo", "Demos\MultiMaterialDemo\AppMultiMaterialDemo.vcproj", "{DBB366F5-B9C1-42E9-AC29-1700B6E4AD06}"
	ProjectSection(ProjectDependencies) = postProject
		{8D7F86F9-92DE-412A-BA72-88D24927E63E} = {8D7F86F9-92DE-412A-BA72-88D24927E63E}
		{C50159E6-AB98-46A3-81DA-720CC6A8A86E} = {C50159E6-AB98-46A3-81DA-720CC6A8A86E}
		{C0E1329C-3D6F-492D-8EFF-08069F096C6E} = {C0E1329C-3D6F-492D-8EFF-08069F096C6E}
		{519F115F-F196-49FE-9B24-49618A6202BB} = {519F115F-F196-49FE-9B24-49618A6202BB}
		{DB7C4333-F4CF-44C8-BA5C-6D36E177D440} = {DB7C4333-F4CF-44C8-BA5C-6D36E177D440}
	EndProjectSection
EndProject
Project("{8BC9CEB8-8B4A-11D0-8D11-00A0C91BC942}") = "AppMultiThreadedDemo", "Demos\MultiThreadedDemo\AppMultiThreadedDemo.vcproj", "{058AD4B2-0260-4CA7-AD20-FC3E7F552E82}"
	ProjectSection(ProjectDependencies) = postProject
		{8D7F86F9-92DE-412A-BA72-88D24927E63E} = {8D7F86F9-92DE-412A-BA72-88D24927E63E}
		{A0E7D548-5EF1-4D5A-A1E0-B92EC1EE6A3B} = {A0E7D548-5EF1-4D5A-A1E0-B92EC1EE6A3B}
		{C50159E6-AB98-46A3-81DA-720CC6A8A86E} = {C50159E6-AB98-46A3-81DA-720CC6A8A86E}
		{C0E1329C-3D6F-492D-8EFF-08069F096C6E} = {C0E1329C-3D6F-492D-8EFF-08069F096C6E}
		{519F115F-F196-49FE-9B24-49618A6202BB} = {519F115F-F196-49FE-9B24-49618A6202BB}
		{DB7C4333-F4CF-44C8-BA5C-6D36E177D440} = {DB7C4333-F4CF-44C8-BA5C-6D36E177D440}
	EndProjectSection
EndProject
Project("{8BC9CEB8-8B4A-11D0-8D11-00A0C91BC942}") = "AppParticlesOCL_Mini", "Demos\ParticlesOpenCL\MiniCL\AppParticlesOCL_Mini.vcproj", "{FC060F5A-BF37-409B-A668-89A8C8D30BF5}"
	ProjectSection(ProjectDependencies) = postProject
		{8D7F86F9-92DE-412A-BA72-88D24927E63E} = {8D7F86F9-92DE-412A-BA72-88D24927E63E}
		{C50159E6-AB98-46A3-81DA-720CC6A8A86E} = {C50159E6-AB98-46A3-81DA-720CC6A8A86E}
		{C0E1329C-3D6F-492D-8EFF-08069F096C6E} = {C0E1329C-3D6F-492D-8EFF-08069F096C6E}
		{6EAFC796-D151-4623-9B8E-5118EB3EF155} = {6EAFC796-D151-4623-9B8E-5118EB3EF155}
		{A0E7D548-5EF1-4D5A-A1E0-B92EC1EE6A3B} = {A0E7D548-5EF1-4D5A-A1E0-B92EC1EE6A3B}
		{519F115F-F196-49FE-9B24-49618A6202BB} = {519F115F-F196-49FE-9B24-49618A6202BB}
		{DB7C4333-F4CF-44C8-BA5C-6D36E177D440} = {DB7C4333-F4CF-44C8-BA5C-6D36E177D440}
	EndProjectSection
EndProject
Project("{8BC9CEB8-8B4A-11D0-8D11-00A0C91BC942}") = "AppRagdollDemo", "Demos\RagdollDemo\AppRagdollDemo.vcproj", "{5AB8D655-02E6-4D1F-8D49-4173D4FCF1A8}"
	ProjectSection(ProjectDependencies) = postProject
		{8D7F86F9-92DE-412A-BA72-88D24927E63E} = {8D7F86F9-92DE-412A-BA72-88D24927E63E}
		{C50159E6-AB98-46A3-81DA-720CC6A8A86E} = {C50159E6-AB98-46A3-81DA-720CC6A8A86E}
		{C0E1329C-3D6F-492D-8EFF-08069F096C6E} = {C0E1329C-3D6F-492D-8EFF-08069F096C6E}
		{519F115F-F196-49FE-9B24-49618A6202BB} = {519F115F-F196-49FE-9B24-49618A6202BB}
		{DB7C4333-F4CF-44C8-BA5C-6D36E177D440} = {DB7C4333-F4CF-44C8-BA5C-6D36E177D440}
	EndProjectSection
EndProject
Project("{8BC9CEB8-8B4A-11D0-8D11-00A0C91BC942}") = "AppRaytracer", "Demos\Raytracer\AppRaytracer.vcproj", "{58F85AA0-C663-46CE-92B3-AD1B55C09D9C}"
	ProjectSection(ProjectDependencies) = postProject
		{8D7F86F9-92DE-412A-BA72-88D24927E63E} = {8D7F86F9-92DE-412A-BA72-88D24927E63E}
		{C50159E6-AB98-46A3-81DA-720CC6A8A86E} = {C50159E6-AB98-46A3-81DA-720CC6A8A86E}
		{C0E1329C-3D6F-492D-8EFF-08069F096C6E} = {C0E1329C-3D6F-492D-8EFF-08069F096C6E}
		{519F115F-F196-49FE-9B24-49618A6202BB} = {519F115F-F196-49FE-9B24-49618A6202BB}
		{DB7C4333-F4CF-44C8-BA5C-6D36E177D440} = {DB7C4333-F4CF-44C8-BA5C-6D36E177D440}
	EndProjectSection
EndProject
Project("{8BC9CEB8-8B4A-11D0-8D11-00A0C91BC942}") = "AppSerializeDemo", "Demos\SerializeDemo\AppSerializeDemo.vcproj", "{C8705C47-A73E-4246-955B-90548FDAC4DC}"
	ProjectSection(ProjectDependencies) = postProject
		{8D7F86F9-92DE-412A-BA72-88D24927E63E} = {8D7F86F9-92DE-412A-BA72-88D24927E63E}
		{A926FC5F-8D16-4E23-9EBC-D7F69F92C380} = {A926FC5F-8D16-4E23-9EBC-D7F69F92C380}
		{C50159E6-AB98-46A3-81DA-720CC6A8A86E} = {C50159E6-AB98-46A3-81DA-720CC6A8A86E}
		{C0E1329C-3D6F-492D-8EFF-08069F096C6E} = {C0E1329C-3D6F-492D-8EFF-08069F096C6E}
		{CCDF45E1-7A69-4D94-97F0-51D52A4E08B4} = {CCDF45E1-7A69-4D94-97F0-51D52A4E08B4}
		{519F115F-F196-49FE-9B24-49618A6202BB} = {519F115F-F196-49FE-9B24-49618A6202BB}
		{DB7C4333-F4CF-44C8-BA5C-6D36E177D440} = {DB7C4333-F4CF-44C8-BA5C-6D36E177D440}
	EndProjectSection
EndProject
Project("{8BC9CEB8-8B4A-11D0-8D11-00A0C91BC942}") = "AppSimplexDemo", "Demos\SimplexDemo\AppSimplexDemo.vcproj", "{F8F3178C-D8A1-4940-ADF1-6C94598327C2}"
	ProjectSection(ProjectDependencies) = postProject
		{8D7F86F9-92DE-412A-BA72-88D24927E63E} = {8D7F86F9-92DE-412A-BA72-88D24927E63E}
		{C50159E6-AB98-46A3-81DA-720CC6A8A86E} = {C50159E6-AB98-46A3-81DA-720CC6A8A86E}
		{C0E1329C-3D6F-492D-8EFF-08069F096C6E} = {C0E1329C-3D6F-492D-8EFF-08069F096C6E}
		{519F115F-F196-49FE-9B24-49618A6202BB} = {519F115F-F196-49FE-9B24-49618A6202BB}
		{DB7C4333-F4CF-44C8-BA5C-6D36E177D440} = {DB7C4333-F4CF-44C8-BA5C-6D36E177D440}
	EndProjectSection
EndProject
Project("{8BC9CEB8-8B4A-11D0-8D11-00A0C91BC942}") = "AppSliderConstraintDemo", "Demos\SliderConstraintDemo\AppSliderConstraintDemo.vcproj", "{5B41E8EA-B63A-4A95-84AC-9B52881D3888}"
	ProjectSection(ProjectDependencies) = postProject
		{8D7F86F9-92DE-412A-BA72-88D24927E63E} = {8D7F86F9-92DE-412A-BA72-88D24927E63E}
		{C50159E6-AB98-46A3-81DA-720CC6A8A86E} = {C50159E6-AB98-46A3-81DA-720CC6A8A86E}
		{C0E1329C-3D6F-492D-8EFF-08069F096C6E} = {C0E1329C-3D6F-492D-8EFF-08069F096C6E}
		{519F115F-F196-49FE-9B24-49618A6202BB} = {519F115F-F196-49FE-9B24-49618A6202BB}
		{DB7C4333-F4CF-44C8-BA5C-6D36E177D440} = {DB7C4333-F4CF-44C8-BA5C-6D36E177D440}
	EndProjectSection
EndProject
Project("{8BC9CEB8-8B4A-11D0-8D11-00A0C91BC942}") = "AppSoftBodyDemo", "Demos\SoftDemo\AppSoftBodyDemo.vcproj", "{888E59D0-DCE9-4E22-A5D5-2DC1F16E6105}"
	ProjectSection(ProjectDependencies) = postProject
		{8D7F86F9-92DE-412A-BA72-88D24927E63E} = {8D7F86F9-92DE-412A-BA72-88D24927E63E}
		{10FCD97B-724F-493D-9068-00BBE6303ADB} = {10FCD97B-724F-493D-9068-00BBE6303ADB}
		{C50159E6-AB98-46A3-81DA-720CC6A8A86E} = {C50159E6-AB98-46A3-81DA-720CC6A8A86E}
		{C0E1329C-3D6F-492D-8EFF-08069F096C6E} = {C0E1329C-3D6F-492D-8EFF-08069F096C6E}
		{519F115F-F196-49FE-9B24-49618A6202BB} = {519F115F-F196-49FE-9B24-49618A6202BB}
		{DB7C4333-F4CF-44C8-BA5C-6D36E177D440} = {DB7C4333-F4CF-44C8-BA5C-6D36E177D440}
	EndProjectSection
EndProject
Project("{8BC9CEB8-8B4A-11D0-8D11-00A0C91BC942}") = "AppThreadingDemo", "Demos\ThreadingDemo\AppThreadingDemo.vcproj", "{5955808E-C349-4DB2-B1A2-F72E2B4290A5}"
	ProjectSection(ProjectDependencies) = postProject
		{8D7F86F9-92DE-412A-BA72-88D24927E63E} = {8D7F86F9-92DE-412A-BA72-88D24927E63E}
		{A0E7D548-5EF1-4D5A-A1E0-B92EC1EE6A3B} = {A0E7D548-5EF1-4D5A-A1E0-B92EC1EE6A3B}
		{C50159E6-AB98-46A3-81DA-720CC6A8A86E} = {C50159E6-AB98-46A3-81DA-720CC6A8A86E}
		{C0E1329C-3D6F-492D-8EFF-08069F096C6E} = {C0E1329C-3D6F-492D-8EFF-08069F096C6E}
		{519F115F-F196-49FE-9B24-49618A6202BB} = {519F115F-F196-49FE-9B24-49618A6202BB}
		{DB7C4333-F4CF-44C8-BA5C-6D36E177D440} = {DB7C4333-F4CF-44C8-BA5C-6D36E177D440}
	EndProjectSection
EndProject
Project("{8BC9CEB8-8B4A-11D0-8D11-00A0C91BC942}") = "AppUserCollisionAlgorithm", "Demos\UserCollisionAlgorithm\AppUserCollisionAlgorithm.vcproj", "{F57BFE56-7068-4009-8AC7-9A6AD93B5DC9}"
	ProjectSection(ProjectDependencies) = postProject
		{8D7F86F9-92DE-412A-BA72-88D24927E63E} = {8D7F86F9-92DE-412A-BA72-88D24927E63E}
		{C50159E6-AB98-46A3-81DA-720CC6A8A86E} = {C50159E6-AB98-46A3-81DA-720CC6A8A86E}
		{C0E1329C-3D6F-492D-8EFF-08069F096C6E} = {C0E1329C-3D6F-492D-8EFF-08069F096C6E}
		{519F115F-F196-49FE-9B24-49618A6202BB} = {519F115F-F196-49FE-9B24-49618A6202BB}
		{DB7C4333-F4CF-44C8-BA5C-6D36E177D440} = {DB7C4333-F4CF-44C8-BA5C-6D36E177D440}
	EndProjectSection
EndProject
Project("{8BC9CEB8-8B4A-11D0-8D11-00A0C91BC942}") = "AppVectorAdd_Mini", "Demos\VectorAdd_OpenCL\MiniCL\AppVectorAdd_Mini.vcproj", "{DBD35EBC-1247-41AA-BE53-E3A32BB38B68}"
	ProjectSection(ProjectDependencies) = postProject
		{6EAFC796-D151-4623-9B8E-5118EB3EF155} = {6EAFC796-D151-4623-9B8E-5118EB3EF155}
		{A0E7D548-5EF1-4D5A-A1E0-B92EC1EE6A3B} = {A0E7D548-5EF1-4D5A-A1E0-B92EC1EE6A3B}
		{519F115F-F196-49FE-9B24-49618A6202BB} = {519F115F-F196-49FE-9B24-49618A6202BB}
		{DB7C4333-F4CF-44C8-BA5C-6D36E177D440} = {DB7C4333-F4CF-44C8-BA5C-6D36E177D440}
	EndProjectSection
EndProject
Project("{8BC9CEB8-8B4A-11D0-8D11-00A0C91BC942}") = "AppVehicleDemo", "Demos\VehicleDemo\AppVehicleDemo.vcproj", "{860EDE15-0AB9-498A-96AF-2AF612FB5C52}"
	ProjectSection(ProjectDependencies) = postProject
		{8D7F86F9-92DE-412A-BA72-88D24927E63E} = {8D7F86F9-92DE-412A-BA72-88D24927E63E}
		{C50159E6-AB98-46A3-81DA-720CC6A8A86E} = {C50159E6-AB98-46A3-81DA-720CC6A8A86E}
		{C0E1329C-3D6F-492D-8EFF-08069F096C6E} = {C0E1329C-3D6F-492D-8EFF-08069F096C6E}
		{519F115F-F196-49FE-9B24-49618A6202BB} = {519F115F-F196-49FE-9B24-49618A6202BB}
		{DB7C4333-F4CF-44C8-BA5C-6D36E177D440} = {DB7C4333-F4CF-44C8-BA5C-6D36E177D440}
	EndProjectSection
EndProject
Project("{8BC9CEB8-8B4A-11D0-8D11-00A0C91BC942}") = "BulletCollision", "src\BulletCollision\BulletCollision.vcproj", "{C0E1329C-3D6F-492D-8EFF-08069F096C6E}"
	ProjectSection(ProjectDependencies) = postProject
		{DB7C4333-F4CF-44C8-BA5C-6D36E177D440} = {DB7C4333-F4CF-44C8-BA5C-6D36E177D440}
	EndProjectSection
EndProject
Project("{8BC9CEB8-8B4A-11D0-8D11-00A0C91BC942}") = "BulletDynamics", "src\BulletDynamics\BulletDynamics.vcproj", "{C50159E6-AB98-46A3-81DA-720CC6A8A86E}"
	ProjectSection(ProjectDependencies) = postProject
		{DB7C4333-F4CF-44C8-BA5C-6D36E177D440} = {DB7C4333-F4CF-44C8-BA5C-6D36E177D440}
	EndProjectSection
EndProject
Project("{8BC9CEB8-8B4A-11D0-8D11-00A0C91BC942}") = "BulletFileLoader", "Extras\Serialize\BulletFileLoader\BulletFileLoader.vcproj", "{CCDF45E1-7A69-4D94-97F0-51D52A4E08B4}"
	ProjectSection(ProjectDependencies) = postProject
		{DB7C4333-F4CF-44C8-BA5C-6D36E177D440} = {DB7C4333-F4CF-44C8-BA5C-6D36E177D440}
	EndProjectSection
EndProject
Project("{8BC9CEB8-8B4A-11D0-8D11-00A0C91BC942}") = "BulletMultiThreaded", "src\BulletMultiThreaded\BulletMultiThreaded.vcproj", "{A0E7D548-5EF1-4D5A-A1E0-B92EC1EE6A3B}"
	ProjectSection(ProjectDependencies) = postProject
		{DB7C4333-F4CF-44C8-BA5C-6D36E177D440} = {DB7C4333-F4CF-44C8-BA5C-6D36E177D440}
	EndProjectSection
EndProject
Project("{8BC9CEB8-8B4A-11D0-8D11-00A0C91BC942}") = "BulletSoftBody", "src\BulletSoftBody\BulletSoftBody.vcproj", "{10FCD97B-724F-493D-9068-00BBE6303ADB}"
	ProjectSection(ProjectDependencies) = postProject
		{DB7C4333-F4CF-44C8-BA5C-6D36E177D440} = {DB7C4333-F4CF-44C8-BA5C-6D36E177D440}
	EndProjectSection
EndProject
Project("{8BC9CEB8-8B4A-11D0-8D11-00A0C91BC942}") = "BulletWorldImporter", "Extras\Serialize\BulletWorldImporter\BulletWorldImporter.vcproj", "{A926FC5F-8D16-4E23-9EBC-D7F69F92C380}"
	ProjectSection(ProjectDependencies) = postProject
		{DB7C4333-F4CF-44C8-BA5C-6D36E177D440} = {DB7C4333-F4CF-44C8-BA5C-6D36E177D440}
	EndProjectSection
EndProject
Project("{8BC9CEB8-8B4A-11D0-8D11-00A0C91BC942}") = "ConvexDecomposition", "Extras\ConvexDecomposition\ConvexDecomposition.vcproj", "{5D250DEC-4653-4B84-A7B5-3C26661E565E}"
	ProjectSection(ProjectDependencies) = postProject
		{DB7C4333-F4CF-44C8-BA5C-6D36E177D440} = {DB7C4333-F4CF-44C8-BA5C-6D36E177D440}
	EndProjectSection
EndProject
Project("{8BC9CEB8-8B4A-11D0-8D11-00A0C91BC942}") = "GIMPACTUtils", "Extras\GIMPACTUtils\GIMPACTUtils.vcproj", "{BAB3D7E2-358F-4D37-B7C4-1ED97648463D}"
	ProjectSection(ProjectDependencies) = postProject
		{DB7C4333-F4CF-44C8-BA5C-6D36E177D440} = {DB7C4333-F4CF-44C8-BA5C-6D36E177D440}
	EndProjectSection
EndProject
Project("{8BC9CEB8-8B4A-11D0-8D11-00A0C91BC942}") = "GLUI", "Extras\glui\GLUI.vcproj", "{6DCA37A5-BCF5-4CDD-8CCA-7D33DE9A619C}"
	ProjectSection(ProjectDependencies) = postProject
		{DB7C4333-F4CF-44C8-BA5C-6D36E177D440} = {DB7C4333-F4CF-44C8-BA5C-6D36E177D440}
	EndProjectSection
EndProject
Project("{8BC9CEB8-8B4A-11D0-8D11-00A0C91BC942}") = "HfFluidDemo", "Demos\HeightFieldFluidDemo\HfFluidDemo.vcproj", "{C9ED1693-ADB0-4413-9081-B065FF951DB5}"
	ProjectSection(ProjectDependencies) = postProject
		{8D7F86F9-92DE-412A-BA72-88D24927E63E} = {8D7F86F9-92DE-412A-BA72-88D24927E63E}
		{C50159E6-AB98-46A3-81DA-720CC6A8A86E} = {C50159E6-AB98-46A3-81DA-720CC6A8A86E}
		{C0E1329C-3D6F-492D-8EFF-08069F096C6E} = {C0E1329C-3D6F-492D-8EFF-08069F096C6E}
		{519F115F-F196-49FE-9B24-49618A6202BB} = {519F115F-F196-49FE-9B24-49618A6202BB}
		{DB7C4333-F4CF-44C8-BA5C-6D36E177D440} = {DB7C4333-F4CF-44C8-BA5C-6D36E177D440}
	EndProjectSection
EndProject
Project("{8BC9CEB8-8B4A-11D0-8D11-00A0C91BC942}") = "LinearMath", "src\LinearMath\LinearMath.vcproj", "{519F115F-F196-49FE-9B24-49618A6202BB}"
	ProjectSection(ProjectDependencies) = postProject
		{DB7C4333-F4CF-44C8-BA5C-6D36E177D440} = {DB7C4333-F4CF-44C8-BA5C-6D36E177D440}
	EndProjectSection
EndProject
Project("{8BC9CEB8-8B4A-11D0-8D11-00A0C91BC942}") = "MiniCL", "src\MiniCL\MiniCL.vcproj", "{6EAFC796-D151-4623-9B8E-5118EB3EF155}"
	ProjectSection(ProjectDependencies) = postProject
		{DB7C4333-F4CF-44C8-BA5C-6D36E177D440} = {DB7C4333-F4CF-44C8-BA5C-6D36E177D440}
	EndProjectSection
EndProject
Project("{8BC9CEB8-8B4A-11D0-8D11-00A0C91BC942}") = "OpenGLSupport", "Demos\OpenGL\OpenGLSupport.vcproj", "{8D7F86F9-92DE-412A-BA72-88D24927E63E}"
	ProjectSection(ProjectDependencies) = postProject
		{DB7C4333-F4CF-44C8-BA5C-6D36E177D440} = {DB7C4333-F4CF-44C8-BA5C-6D36E177D440}
	EndProjectSection
EndProject
Global
	GlobalSection(SolutionConfigurationPlatforms) = preSolution
		Debug|Win32 = Debug|Win32
		Release|Win32 = Release|Win32
		MinSizeRel|Win32 = MinSizeRel|Win32
		RelWithDebInfo|Win32 = RelWithDebInfo|Win32
	EndGlobalSection
	GlobalSection(ProjectConfigurationPlatforms) = postSolution
		{762643C4-7DAD-4C92-B6A7-6C436C47BA23}.Debug|Win32.ActiveCfg = Debug|Win32
		{762643C4-7DAD-4C92-B6A7-6C436C47BA23}.Release|Win32.ActiveCfg = Release|Win32
		{762643C4-7DAD-4C92-B6A7-6C436C47BA23}.MinSizeRel|Win32.ActiveCfg = MinSizeRel|Win32
		{762643C4-7DAD-4C92-B6A7-6C436C47BA23}.RelWithDebInfo|Win32.ActiveCfg = RelWithDebInfo|Win32
		{EADF384F-2D78-4AA5-8CED-FA3FA545002C}.Debug|Win32.ActiveCfg = Debug|Win32
		{EADF384F-2D78-4AA5-8CED-FA3FA545002C}.Debug|Win32.Build.0 = Debug|Win32
		{EADF384F-2D78-4AA5-8CED-FA3FA545002C}.Release|Win32.ActiveCfg = Release|Win32
		{EADF384F-2D78-4AA5-8CED-FA3FA545002C}.Release|Win32.Build.0 = Release|Win32
		{EADF384F-2D78-4AA5-8CED-FA3FA545002C}.MinSizeRel|Win32.ActiveCfg = MinSizeRel|Win32
		{EADF384F-2D78-4AA5-8CED-FA3FA545002C}.MinSizeRel|Win32.Build.0 = MinSizeRel|Win32
		{EADF384F-2D78-4AA5-8CED-FA3FA545002C}.RelWithDebInfo|Win32.ActiveCfg = RelWithDebInfo|Win32
		{EADF384F-2D78-4AA5-8CED-FA3FA545002C}.RelWithDebInfo|Win32.Build.0 = RelWithDebInfo|Win32
		{685AC6A4-0FC0-4140-9C22-0856043D56F5}.Debug|Win32.ActiveCfg = Debug|Win32
		{685AC6A4-0FC0-4140-9C22-0856043D56F5}.Debug|Win32.Build.0 = Debug|Win32
		{685AC6A4-0FC0-4140-9C22-0856043D56F5}.Release|Win32.ActiveCfg = Release|Win32
		{685AC6A4-0FC0-4140-9C22-0856043D56F5}.Release|Win32.Build.0 = Release|Win32
		{685AC6A4-0FC0-4140-9C22-0856043D56F5}.MinSizeRel|Win32.ActiveCfg = MinSizeRel|Win32
		{685AC6A4-0FC0-4140-9C22-0856043D56F5}.MinSizeRel|Win32.Build.0 = MinSizeRel|Win32
		{685AC6A4-0FC0-4140-9C22-0856043D56F5}.RelWithDebInfo|Win32.ActiveCfg = RelWithDebInfo|Win32
		{685AC6A4-0FC0-4140-9C22-0856043D56F5}.RelWithDebInfo|Win32.Build.0 = RelWithDebInfo|Win32
		{A3D10C28-86E3-4D87-BDA5-BB948B18E5C2}.Debug|Win32.ActiveCfg = Debug|Win32
		{A3D10C28-86E3-4D87-BDA5-BB948B18E5C2}.Debug|Win32.Build.0 = Debug|Win32
		{A3D10C28-86E3-4D87-BDA5-BB948B18E5C2}.Release|Win32.ActiveCfg = Release|Win32
		{A3D10C28-86E3-4D87-BDA5-BB948B18E5C2}.Release|Win32.Build.0 = Release|Win32
		{A3D10C28-86E3-4D87-BDA5-BB948B18E5C2}.MinSizeRel|Win32.ActiveCfg = MinSizeRel|Win32
		{A3D10C28-86E3-4D87-BDA5-BB948B18E5C2}.MinSizeRel|Win32.Build.0 = MinSizeRel|Win32
		{A3D10C28-86E3-4D87-BDA5-BB948B18E5C2}.RelWithDebInfo|Win32.ActiveCfg = RelWithDebInfo|Win32
		{A3D10C28-86E3-4D87-BDA5-BB948B18E5C2}.RelWithDebInfo|Win32.Build.0 = RelWithDebInfo|Win32
		{55D7A96A-5F76-4023-8A1B-BB7AECFAE055}.Debug|Win32.ActiveCfg = Debug|Win32
		{55D7A96A-5F76-4023-8A1B-BB7AECFAE055}.Debug|Win32.Build.0 = Debug|Win32
		{55D7A96A-5F76-4023-8A1B-BB7AECFAE055}.Release|Win32.ActiveCfg = Release|Win32
		{55D7A96A-5F76-4023-8A1B-BB7AECFAE055}.Release|Win32.Build.0 = Release|Win32
		{55D7A96A-5F76-4023-8A1B-BB7AECFAE055}.MinSizeRel|Win32.ActiveCfg = MinSizeRel|Win32
		{55D7A96A-5F76-4023-8A1B-BB7AECFAE055}.MinSizeRel|Win32.Build.0 = MinSizeRel|Win32
		{55D7A96A-5F76-4023-8A1B-BB7AECFAE055}.RelWithDebInfo|Win32.ActiveCfg = RelWithDebInfo|Win32
		{55D7A96A-5F76-4023-8A1B-BB7AECFAE055}.RelWithDebInfo|Win32.Build.0 = RelWithDebInfo|Win32
		{DB50F333-8F9D-47B8-9C6E-0A1F40F21BF7}.Debug|Win32.ActiveCfg = Debug|Win32
		{DB50F333-8F9D-47B8-9C6E-0A1F40F21BF7}.Debug|Win32.Build.0 = Debug|Win32
		{DB50F333-8F9D-47B8-9C6E-0A1F40F21BF7}.Release|Win32.ActiveCfg = Release|Win32
		{DB50F333-8F9D-47B8-9C6E-0A1F40F21BF7}.Release|Win32.Build.0 = Release|Win32
		{DB50F333-8F9D-47B8-9C6E-0A1F40F21BF7}.MinSizeRel|Win32.ActiveCfg = MinSizeRel|Win32
		{DB50F333-8F9D-47B8-9C6E-0A1F40F21BF7}.MinSizeRel|Win32.Build.0 = MinSizeRel|Win32
		{DB50F333-8F9D-47B8-9C6E-0A1F40F21BF7}.RelWithDebInfo|Win32.ActiveCfg = RelWithDebInfo|Win32
		{DB50F333-8F9D-47B8-9C6E-0A1F40F21BF7}.RelWithDebInfo|Win32.Build.0 = RelWithDebInfo|Win32
		{05C21C87-56DB-4FED-BA6B-18D9AE0A22A9}.Debug|Win32.ActiveCfg = Debug|Win32
		{05C21C87-56DB-4FED-BA6B-18D9AE0A22A9}.Debug|Win32.Build.0 = Debug|Win32
		{05C21C87-56DB-4FED-BA6B-18D9AE0A22A9}.Release|Win32.ActiveCfg = Release|Win32
		{05C21C87-56DB-4FED-BA6B-18D9AE0A22A9}.Release|Win32.Build.0 = Release|Win32
		{05C21C87-56DB-4FED-BA6B-18D9AE0A22A9}.MinSizeRel|Win32.ActiveCfg = MinSizeRel|Win32
		{05C21C87-56DB-4FED-BA6B-18D9AE0A22A9}.MinSizeRel|Win32.Build.0 = MinSizeRel|Win32
		{05C21C87-56DB-4FED-BA6B-18D9AE0A22A9}.RelWithDebInfo|Win32.ActiveCfg = RelWithDebInfo|Win32
		{05C21C87-56DB-4FED-BA6B-18D9AE0A22A9}.RelWithDebInfo|Win32.Build.0 = RelWithDebInfo|Win32
		{069D6674-27CA-43BA-83D2-FF5A41E0BA86}.Debug|Win32.ActiveCfg = Debug|Win32
		{069D6674-27CA-43BA-83D2-FF5A41E0BA86}.Debug|Win32.Build.0 = Debug|Win32
		{069D6674-27CA-43BA-83D2-FF5A41E0BA86}.Release|Win32.ActiveCfg = Release|Win32
		{069D6674-27CA-43BA-83D2-FF5A41E0BA86}.Release|Win32.Build.0 = Release|Win32
		{069D6674-27CA-43BA-83D2-FF5A41E0BA86}.MinSizeRel|Win32.ActiveCfg = MinSizeRel|Win32
		{069D6674-27CA-43BA-83D2-FF5A41E0BA86}.MinSizeRel|Win32.Build.0 = MinSizeRel|Win32
		{069D6674-27CA-43BA-83D2-FF5A41E0BA86}.RelWithDebInfo|Win32.ActiveCfg = RelWithDebInfo|Win32
		{069D6674-27CA-43BA-83D2-FF5A41E0BA86}.RelWithDebInfo|Win32.Build.0 = RelWithDebInfo|Win32
		{912DC5FB-4F88-4DBF-8D7B-F273FA45B436}.Debug|Win32.ActiveCfg = Debug|Win32
		{912DC5FB-4F88-4DBF-8D7B-F273FA45B436}.Debug|Win32.Build.0 = Debug|Win32
		{912DC5FB-4F88-4DBF-8D7B-F273FA45B436}.Release|Win32.ActiveCfg = Release|Win32
		{912DC5FB-4F88-4DBF-8D7B-F273FA45B436}.Release|Win32.Build.0 = Release|Win32
		{912DC5FB-4F88-4DBF-8D7B-F273FA45B436}.MinSizeRel|Win32.ActiveCfg = MinSizeRel|Win32
		{912DC5FB-4F88-4DBF-8D7B-F273FA45B436}.MinSizeRel|Win32.Build.0 = MinSizeRel|Win32
		{912DC5FB-4F88-4DBF-8D7B-F273FA45B436}.RelWithDebInfo|Win32.ActiveCfg = RelWithDebInfo|Win32
		{912DC5FB-4F88-4DBF-8D7B-F273FA45B436}.RelWithDebInfo|Win32.Build.0 = RelWithDebInfo|Win32
		{375A698C-164D-4E17-8CF7-0010F341DEFF}.Debug|Win32.ActiveCfg = Debug|Win32
		{375A698C-164D-4E17-8CF7-0010F341DEFF}.Debug|Win32.Build.0 = Debug|Win32
		{375A698C-164D-4E17-8CF7-0010F341DEFF}.Release|Win32.ActiveCfg = Release|Win32
		{375A698C-164D-4E17-8CF7-0010F341DEFF}.Release|Win32.Build.0 = Release|Win32
		{375A698C-164D-4E17-8CF7-0010F341DEFF}.MinSizeRel|Win32.ActiveCfg = MinSizeRel|Win32
		{375A698C-164D-4E17-8CF7-0010F341DEFF}.MinSizeRel|Win32.Build.0 = MinSizeRel|Win32
		{375A698C-164D-4E17-8CF7-0010F341DEFF}.RelWithDebInfo|Win32.ActiveCfg = RelWithDebInfo|Win32
		{375A698C-164D-4E17-8CF7-0010F341DEFF}.RelWithDebInfo|Win32.Build.0 = RelWithDebInfo|Win32
		{384E5EC6-FE0A-4266-BF0A-B18987284F40}.Debug|Win32.ActiveCfg = Debug|Win32
		{384E5EC6-FE0A-4266-BF0A-B18987284F40}.Debug|Win32.Build.0 = Debug|Win32
		{384E5EC6-FE0A-4266-BF0A-B18987284F40}.Release|Win32.ActiveCfg = Release|Win32
		{384E5EC6-FE0A-4266-BF0A-B18987284F40}.Release|Win32.Build.0 = Release|Win32
		{384E5EC6-FE0A-4266-BF0A-B18987284F40}.MinSizeRel|Win32.ActiveCfg = MinSizeRel|Win32
		{384E5EC6-FE0A-4266-BF0A-B18987284F40}.MinSizeRel|Win32.Build.0 = MinSizeRel|Win32
		{384E5EC6-FE0A-4266-BF0A-B18987284F40}.RelWithDebInfo|Win32.ActiveCfg = RelWithDebInfo|Win32
		{384E5EC6-FE0A-4266-BF0A-B18987284F40}.RelWithDebInfo|Win32.Build.0 = RelWithDebInfo|Win32
		{B3CF57A1-63B1-416A-ABB9-CAFF2A0BB73C}.Debug|Win32.ActiveCfg = Debug|Win32
		{B3CF57A1-63B1-416A-ABB9-CAFF2A0BB73C}.Debug|Win32.Build.0 = Debug|Win32
		{B3CF57A1-63B1-416A-ABB9-CAFF2A0BB73C}.Release|Win32.ActiveCfg = Release|Win32
		{B3CF57A1-63B1-416A-ABB9-CAFF2A0BB73C}.Release|Win32.Build.0 = Release|Win32
		{B3CF57A1-63B1-416A-ABB9-CAFF2A0BB73C}.MinSizeRel|Win32.ActiveCfg = MinSizeRel|Win32
		{B3CF57A1-63B1-416A-ABB9-CAFF2A0BB73C}.MinSizeRel|Win32.Build.0 = MinSizeRel|Win32
		{B3CF57A1-63B1-416A-ABB9-CAFF2A0BB73C}.RelWithDebInfo|Win32.ActiveCfg = RelWithDebInfo|Win32
		{B3CF57A1-63B1-416A-ABB9-CAFF2A0BB73C}.RelWithDebInfo|Win32.Build.0 = RelWithDebInfo|Win32
		{31B41D68-02A1-4DD7-8D66-74B11CE40620}.Debug|Win32.ActiveCfg = Debug|Win32
		{31B41D68-02A1-4DD7-8D66-74B11CE40620}.Debug|Win32.Build.0 = Debug|Win32
		{31B41D68-02A1-4DD7-8D66-74B11CE40620}.Release|Win32.ActiveCfg = Release|Win32
		{31B41D68-02A1-4DD7-8D66-74B11CE40620}.Release|Win32.Build.0 = Release|Win32
		{31B41D68-02A1-4DD7-8D66-74B11CE40620}.MinSizeRel|Win32.ActiveCfg = MinSizeRel|Win32
		{31B41D68-02A1-4DD7-8D66-74B11CE40620}.MinSizeRel|Win32.Build.0 = MinSizeRel|Win32
		{31B41D68-02A1-4DD7-8D66-74B11CE40620}.RelWithDebInfo|Win32.ActiveCfg = RelWithDebInfo|Win32
		{31B41D68-02A1-4DD7-8D66-74B11CE40620}.RelWithDebInfo|Win32.Build.0 = RelWithDebInfo|Win32
		{79BDAED4-2D8B-4333-A37A-5CF6370D4B34}.Debug|Win32.ActiveCfg = Debug|Win32
		{79BDAED4-2D8B-4333-A37A-5CF6370D4B34}.Debug|Win32.Build.0 = Debug|Win32
		{79BDAED4-2D8B-4333-A37A-5CF6370D4B34}.Release|Win32.ActiveCfg = Release|Win32
		{79BDAED4-2D8B-4333-A37A-5CF6370D4B34}.Release|Win32.Build.0 = Release|Win32
		{79BDAED4-2D8B-4333-A37A-5CF6370D4B34}.MinSizeRel|Win32.ActiveCfg = MinSizeRel|Win32
		{79BDAED4-2D8B-4333-A37A-5CF6370D4B34}.MinSizeRel|Win32.Build.0 = MinSizeRel|Win32
		{79BDAED4-2D8B-4333-A37A-5CF6370D4B34}.RelWithDebInfo|Win32.ActiveCfg = RelWithDebInfo|Win32
		{79BDAED4-2D8B-4333-A37A-5CF6370D4B34}.RelWithDebInfo|Win32.Build.0 = RelWithDebInfo|Win32
		{933CADEA-8DC9-4115-9A12-201A69756A7A}.Debug|Win32.ActiveCfg = Debug|Win32
		{933CADEA-8DC9-4115-9A12-201A69756A7A}.Debug|Win32.Build.0 = Debug|Win32
		{933CADEA-8DC9-4115-9A12-201A69756A7A}.Release|Win32.ActiveCfg = Release|Win32
		{933CADEA-8DC9-4115-9A12-201A69756A7A}.Release|Win32.Build.0 = Release|Win32
		{933CADEA-8DC9-4115-9A12-201A69756A7A}.MinSizeRel|Win32.ActiveCfg = MinSizeRel|Win32
		{933CADEA-8DC9-4115-9A12-201A69756A7A}.MinSizeRel|Win32.Build.0 = MinSizeRel|Win32
		{933CADEA-8DC9-4115-9A12-201A69756A7A}.RelWithDebInfo|Win32.ActiveCfg = RelWithDebInfo|Win32
		{933CADEA-8DC9-4115-9A12-201A69756A7A}.RelWithDebInfo|Win32.Build.0 = RelWithDebInfo|Win32
		{344664F5-FE09-4E73-A4A2-7BC263057DC3}.Debug|Win32.ActiveCfg = Debug|Win32
		{344664F5-FE09-4E73-A4A2-7BC263057DC3}.Debug|Win32.Build.0 = Debug|Win32
		{344664F5-FE09-4E73-A4A2-7BC263057DC3}.Release|Win32.ActiveCfg = Release|Win32
		{344664F5-FE09-4E73-A4A2-7BC263057DC3}.Release|Win32.Build.0 = Release|Win32
		{344664F5-FE09-4E73-A4A2-7BC263057DC3}.MinSizeRel|Win32.ActiveCfg = MinSizeRel|Win32
		{344664F5-FE09-4E73-A4A2-7BC263057DC3}.MinSizeRel|Win32.Build.0 = MinSizeRel|Win32
		{344664F5-FE09-4E73-A4A2-7BC263057DC3}.RelWithDebInfo|Win32.ActiveCfg = RelWithDebInfo|Win32
		{344664F5-FE09-4E73-A4A2-7BC263057DC3}.RelWithDebInfo|Win32.Build.0 = RelWithDebInfo|Win32
		{72DE4E35-7EFA-46E3-9198-AA9C2EEF6F39}.Debug|Win32.ActiveCfg = Debug|Win32
		{72DE4E35-7EFA-46E3-9198-AA9C2EEF6F39}.Debug|Win32.Build.0 = Debug|Win32
		{72DE4E35-7EFA-46E3-9198-AA9C2EEF6F39}.Release|Win32.ActiveCfg = Release|Win32
		{72DE4E35-7EFA-46E3-9198-AA9C2EEF6F39}.Release|Win32.Build.0 = Release|Win32
		{72DE4E35-7EFA-46E3-9198-AA9C2EEF6F39}.MinSizeRel|Win32.ActiveCfg = MinSizeRel|Win32
		{72DE4E35-7EFA-46E3-9198-AA9C2EEF6F39}.MinSizeRel|Win32.Build.0 = MinSizeRel|Win32
		{72DE4E35-7EFA-46E3-9198-AA9C2EEF6F39}.RelWithDebInfo|Win32.ActiveCfg = RelWithDebInfo|Win32
		{72DE4E35-7EFA-46E3-9198-AA9C2EEF6F39}.RelWithDebInfo|Win32.Build.0 = RelWithDebInfo|Win32
		{F5818E45-F18B-4943-BF9A-5116DD39E835}.Debug|Win32.ActiveCfg = Debug|Win32
		{F5818E45-F18B-4943-BF9A-5116DD39E835}.Debug|Win32.Build.0 = Debug|Win32
		{F5818E45-F18B-4943-BF9A-5116DD39E835}.Release|Win32.ActiveCfg = Release|Win32
		{F5818E45-F18B-4943-BF9A-5116DD39E835}.Release|Win32.Build.0 = Release|Win32
		{F5818E45-F18B-4943-BF9A-5116DD39E835}.MinSizeRel|Win32.ActiveCfg = MinSizeRel|Win32
		{F5818E45-F18B-4943-BF9A-5116DD39E835}.MinSizeRel|Win32.Build.0 = MinSizeRel|Win32
		{F5818E45-F18B-4943-BF9A-5116DD39E835}.RelWithDebInfo|Win32.ActiveCfg = RelWithDebInfo|Win32
		{F5818E45-F18B-4943-BF9A-5116DD39E835}.RelWithDebInfo|Win32.Build.0 = RelWithDebInfo|Win32
		{C9FDB231-1646-4378-9BCF-6DCF8C40A6F7}.Debug|Win32.ActiveCfg = Debug|Win32
		{C9FDB231-1646-4378-9BCF-6DCF8C40A6F7}.Debug|Win32.Build.0 = Debug|Win32
		{C9FDB231-1646-4378-9BCF-6DCF8C40A6F7}.Release|Win32.ActiveCfg = Release|Win32
		{C9FDB231-1646-4378-9BCF-6DCF8C40A6F7}.Release|Win32.Build.0 = Release|Win32
		{C9FDB231-1646-4378-9BCF-6DCF8C40A6F7}.MinSizeRel|Win32.ActiveCfg = MinSizeRel|Win32
		{C9FDB231-1646-4378-9BCF-6DCF8C40A6F7}.MinSizeRel|Win32.Build.0 = MinSizeRel|Win32
		{C9FDB231-1646-4378-9BCF-6DCF8C40A6F7}.RelWithDebInfo|Win32.ActiveCfg = RelWithDebInfo|Win32
		{C9FDB231-1646-4378-9BCF-6DCF8C40A6F7}.RelWithDebInfo|Win32.Build.0 = RelWithDebInfo|Win32
		{74C1235E-AC4D-420B-85B3-B0B93208F699}.Debug|Win32.ActiveCfg = Debug|Win32
		{74C1235E-AC4D-420B-85B3-B0B93208F699}.Debug|Win32.Build.0 = Debug|Win32
		{74C1235E-AC4D-420B-85B3-B0B93208F699}.Release|Win32.ActiveCfg = Release|Win32
		{74C1235E-AC4D-420B-85B3-B0B93208F699}.Release|Win32.Build.0 = Release|Win32
		{74C1235E-AC4D-420B-85B3-B0B93208F699}.MinSizeRel|Win32.ActiveCfg = MinSizeRel|Win32
		{74C1235E-AC4D-420B-85B3-B0B93208F699}.MinSizeRel|Win32.Build.0 = MinSizeRel|Win32
		{74C1235E-AC4D-420B-85B3-B0B93208F699}.RelWithDebInfo|Win32.ActiveCfg = RelWithDebInfo|Win32
		{74C1235E-AC4D-420B-85B3-B0B93208F699}.RelWithDebInfo|Win32.Build.0 = RelWithDebInfo|Win32
		{98845F12-65EC-4F24-A0B6-26B60298F197}.Debug|Win32.ActiveCfg = Debug|Win32
		{98845F12-65EC-4F24-A0B6-26B60298F197}.Debug|Win32.Build.0 = Debug|Win32
		{98845F12-65EC-4F24-A0B6-26B60298F197}.Release|Win32.ActiveCfg = Release|Win32
		{98845F12-65EC-4F24-A0B6-26B60298F197}.Release|Win32.Build.0 = Release|Win32
		{98845F12-65EC-4F24-A0B6-26B60298F197}.MinSizeRel|Win32.ActiveCfg = MinSizeRel|Win32
		{98845F12-65EC-4F24-A0B6-26B60298F197}.MinSizeRel|Win32.Build.0 = MinSizeRel|Win32
		{98845F12-65EC-4F24-A0B6-26B60298F197}.RelWithDebInfo|Win32.ActiveCfg = RelWithDebInfo|Win32
		{98845F12-65EC-4F24-A0B6-26B60298F197}.RelWithDebInfo|Win32.Build.0 = RelWithDebInfo|Win32
		{06782593-95BE-4F74-AE8C-E9318C447A44}.Debug|Win32.ActiveCfg = Debug|Win32
		{06782593-95BE-4F74-AE8C-E9318C447A44}.Debug|Win32.Build.0 = Debug|Win32
		{06782593-95BE-4F74-AE8C-E9318C447A44}.Release|Win32.ActiveCfg = Release|Win32
		{06782593-95BE-4F74-AE8C-E9318C447A44}.Release|Win32.Build.0 = Release|Win32
		{06782593-95BE-4F74-AE8C-E9318C447A44}.MinSizeRel|Win32.ActiveCfg = MinSizeRel|Win32
		{06782593-95BE-4F74-AE8C-E9318C447A44}.MinSizeRel|Win32.Build.0 = MinSizeRel|Win32
		{06782593-95BE-4F74-AE8C-E9318C447A44}.RelWithDebInfo|Win32.ActiveCfg = RelWithDebInfo|Win32
		{06782593-95BE-4F74-AE8C-E9318C447A44}.RelWithDebInfo|Win32.Build.0 = RelWithDebInfo|Win32
		{951DB733-69B8-4091-903C-E39185DB8A9E}.Debug|Win32.ActiveCfg = Debug|Win32
		{951DB733-69B8-4091-903C-E39185DB8A9E}.Debug|Win32.Build.0 = Debug|Win32
		{951DB733-69B8-4091-903C-E39185DB8A9E}.Release|Win32.ActiveCfg = Release|Win32
		{951DB733-69B8-4091-903C-E39185DB8A9E}.Release|Win32.Build.0 = Release|Win32
		{951DB733-69B8-4091-903C-E39185DB8A9E}.MinSizeRel|Win32.ActiveCfg = MinSizeRel|Win32
		{951DB733-69B8-4091-903C-E39185DB8A9E}.MinSizeRel|Win32.Build.0 = MinSizeRel|Win32
		{951DB733-69B8-4091-903C-E39185DB8A9E}.RelWithDebInfo|Win32.ActiveCfg = RelWithDebInfo|Win32
		{951DB733-69B8-4091-903C-E39185DB8A9E}.RelWithDebInfo|Win32.Build.0 = RelWithDebInfo|Win32
		{27552E0B-BADC-4158-BDC0-C3A923956B79}.Debug|Win32.ActiveCfg = Debug|Win32
		{27552E0B-BADC-4158-BDC0-C3A923956B79}.Debug|Win32.Build.0 = Debug|Win32
		{27552E0B-BADC-4158-BDC0-C3A923956B79}.Release|Win32.ActiveCfg = Release|Win32
		{27552E0B-BADC-4158-BDC0-C3A923956B79}.Release|Win32.Build.0 = Release|Win32
		{27552E0B-BADC-4158-BDC0-C3A923956B79}.MinSizeRel|Win32.ActiveCfg = MinSizeRel|Win32
		{27552E0B-BADC-4158-BDC0-C3A923956B79}.MinSizeRel|Win32.Build.0 = MinSizeRel|Win32
		{27552E0B-BADC-4158-BDC0-C3A923956B79}.RelWithDebInfo|Win32.ActiveCfg = RelWithDebInfo|Win32
		{27552E0B-BADC-4158-BDC0-C3A923956B79}.RelWithDebInfo|Win32.Build.0 = RelWithDebInfo|Win32
		{DBB366F5-B9C1-42E9-AC29-1700B6E4AD06}.Debug|Win32.ActiveCfg = Debug|Win32
		{DBB366F5-B9C1-42E9-AC29-1700B6E4AD06}.Debug|Win32.Build.0 = Debug|Win32
		{DBB366F5-B9C1-42E9-AC29-1700B6E4AD06}.Release|Win32.ActiveCfg = Release|Win32
		{DBB366F5-B9C1-42E9-AC29-1700B6E4AD06}.Release|Win32.Build.0 = Release|Win32
		{DBB366F5-B9C1-42E9-AC29-1700B6E4AD06}.MinSizeRel|Win32.ActiveCfg = MinSizeRel|Win32
		{DBB366F5-B9C1-42E9-AC29-1700B6E4AD06}.MinSizeRel|Win32.Build.0 = MinSizeRel|Win32
		{DBB366F5-B9C1-42E9-AC29-1700B6E4AD06}.RelWithDebInfo|Win32.ActiveCfg = RelWithDebInfo|Win32
		{DBB366F5-B9C1-42E9-AC29-1700B6E4AD06}.RelWithDebInfo|Win32.Build.0 = RelWithDebInfo|Win32
		{058AD4B2-0260-4CA7-AD20-FC3E7F552E82}.Debug|Win32.ActiveCfg = Debug|Win32
		{058AD4B2-0260-4CA7-AD20-FC3E7F552E82}.Debug|Win32.Build.0 = Debug|Win32
		{058AD4B2-0260-4CA7-AD20-FC3E7F552E82}.Release|Win32.ActiveCfg = Release|Win32
		{058AD4B2-0260-4CA7-AD20-FC3E7F552E82}.Release|Win32.Build.0 = Release|Win32
		{058AD4B2-0260-4CA7-AD20-FC3E7F552E82}.MinSizeRel|Win32.ActiveCfg = MinSizeRel|Win32
		{058AD4B2-0260-4CA7-AD20-FC3E7F552E82}.MinSizeRel|Win32.Build.0 = MinSizeRel|Win32
		{058AD4B2-0260-4CA7-AD20-FC3E7F552E82}.RelWithDebInfo|Win32.ActiveCfg = RelWithDebInfo|Win32
		{058AD4B2-0260-4CA7-AD20-FC3E7F552E82}.RelWithDebInfo|Win32.Build.0 = RelWithDebInfo|Win32
		{FC060F5A-BF37-409B-A668-89A8C8D30BF5}.Debug|Win32.ActiveCfg = Debug|Win32
		{FC060F5A-BF37-409B-A668-89A8C8D30BF5}.Debug|Win32.Build.0 = Debug|Win32
		{FC060F5A-BF37-409B-A668-89A8C8D30BF5}.Release|Win32.ActiveCfg = Release|Win32
		{FC060F5A-BF37-409B-A668-89A8C8D30BF5}.Release|Win32.Build.0 = Release|Win32
		{FC060F5A-BF37-409B-A668-89A8C8D30BF5}.MinSizeRel|Win32.ActiveCfg = MinSizeRel|Win32
		{FC060F5A-BF37-409B-A668-89A8C8D30BF5}.MinSizeRel|Win32.Build.0 = MinSizeRel|Win32
		{FC060F5A-BF37-409B-A668-89A8C8D30BF5}.RelWithDebInfo|Win32.ActiveCfg = RelWithDebInfo|Win32
		{FC060F5A-BF37-409B-A668-89A8C8D30BF5}.RelWithDebInfo|Win32.Build.0 = RelWithDebInfo|Win32
		{5AB8D655-02E6-4D1F-8D49-4173D4FCF1A8}.Debug|Win32.ActiveCfg = Debug|Win32
		{5AB8D655-02E6-4D1F-8D49-4173D4FCF1A8}.Debug|Win32.Build.0 = Debug|Win32
		{5AB8D655-02E6-4D1F-8D49-4173D4FCF1A8}.Release|Win32.ActiveCfg = Release|Win32
		{5AB8D655-02E6-4D1F-8D49-4173D4FCF1A8}.Release|Win32.Build.0 = Release|Win32
		{5AB8D655-02E6-4D1F-8D49-4173D4FCF1A8}.MinSizeRel|Win32.ActiveCfg = MinSizeRel|Win32
		{5AB8D655-02E6-4D1F-8D49-4173D4FCF1A8}.MinSizeRel|Win32.Build.0 = MinSizeRel|Win32
		{5AB8D655-02E6-4D1F-8D49-4173D4FCF1A8}.RelWithDebInfo|Win32.ActiveCfg = RelWithDebInfo|Win32
		{5AB8D655-02E6-4D1F-8D49-4173D4FCF1A8}.RelWithDebInfo|Win32.Build.0 = RelWithDebInfo|Win32
		{58F85AA0-C663-46CE-92B3-AD1B55C09D9C}.Debug|Win32.ActiveCfg = Debug|Win32
		{58F85AA0-C663-46CE-92B3-AD1B55C09D9C}.Debug|Win32.Build.0 = Debug|Win32
		{58F85AA0-C663-46CE-92B3-AD1B55C09D9C}.Release|Win32.ActiveCfg = Release|Win32
		{58F85AA0-C663-46CE-92B3-AD1B55C09D9C}.Release|Win32.Build.0 = Release|Win32
		{58F85AA0-C663-46CE-92B3-AD1B55C09D9C}.MinSizeRel|Win32.ActiveCfg = MinSizeRel|Win32
		{58F85AA0-C663-46CE-92B3-AD1B55C09D9C}.MinSizeRel|Win32.Build.0 = MinSizeRel|Win32
		{58F85AA0-C663-46CE-92B3-AD1B55C09D9C}.RelWithDebInfo|Win32.ActiveCfg = RelWithDebInfo|Win32
		{58F85AA0-C663-46CE-92B3-AD1B55C09D9C}.RelWithDebInfo|Win32.Build.0 = RelWithDebInfo|Win32
		{C8705C47-A73E-4246-955B-90548FDAC4DC}.Debug|Win32.ActiveCfg = Debug|Win32
		{C8705C47-A73E-4246-955B-90548FDAC4DC}.Debug|Win32.Build.0 = Debug|Win32
		{C8705C47-A73E-4246-955B-90548FDAC4DC}.Release|Win32.ActiveCfg = Release|Win32
		{C8705C47-A73E-4246-955B-90548FDAC4DC}.Release|Win32.Build.0 = Release|Win32
		{C8705C47-A73E-4246-955B-90548FDAC4DC}.MinSizeRel|Win32.ActiveCfg = MinSizeRel|Win32
		{C8705C47-A73E-4246-955B-90548FDAC4DC}.MinSizeRel|Win32.Build.0 = MinSizeRel|Win32
		{C8705C47-A73E-4246-955B-90548FDAC4DC}.RelWithDebInfo|Win32.ActiveCfg = RelWithDebInfo|Win32
		{C8705C47-A73E-4246-955B-90548FDAC4DC}.RelWithDebInfo|Win32.Build.0 = RelWithDebInfo|Win32
		{F8F3178C-D8A1-4940-ADF1-6C94598327C2}.Debug|Win32.ActiveCfg = Debug|Win32
		{F8F3178C-D8A1-4940-ADF1-6C94598327C2}.Debug|Win32.Build.0 = Debug|Win32
		{F8F3178C-D8A1-4940-ADF1-6C94598327C2}.Release|Win32.ActiveCfg = Release|Win32
		{F8F3178C-D8A1-4940-ADF1-6C94598327C2}.Release|Win32.Build.0 = Release|Win32
		{F8F3178C-D8A1-4940-ADF1-6C94598327C2}.MinSizeRel|Win32.ActiveCfg = MinSizeRel|Win32
		{F8F3178C-D8A1-4940-ADF1-6C94598327C2}.MinSizeRel|Win32.Build.0 = MinSizeRel|Win32
		{F8F3178C-D8A1-4940-ADF1-6C94598327C2}.RelWithDebInfo|Win32.ActiveCfg = RelWithDebInfo|Win32
		{F8F3178C-D8A1-4940-ADF1-6C94598327C2}.RelWithDebInfo|Win32.Build.0 = RelWithDebInfo|Win32
		{5B41E8EA-B63A-4A95-84AC-9B52881D3888}.Debug|Win32.ActiveCfg = Debug|Win32
		{5B41E8EA-B63A-4A95-84AC-9B52881D3888}.Debug|Win32.Build.0 = Debug|Win32
		{5B41E8EA-B63A-4A95-84AC-9B52881D3888}.Release|Win32.ActiveCfg = Release|Win32
		{5B41E8EA-B63A-4A95-84AC-9B52881D3888}.Release|Win32.Build.0 = Release|Win32
		{5B41E8EA-B63A-4A95-84AC-9B52881D3888}.MinSizeRel|Win32.ActiveCfg = MinSizeRel|Win32
		{5B41E8EA-B63A-4A95-84AC-9B52881D3888}.MinSizeRel|Win32.Build.0 = MinSizeRel|Win32
		{5B41E8EA-B63A-4A95-84AC-9B52881D3888}.RelWithDebInfo|Win32.ActiveCfg = RelWithDebInfo|Win32
		{5B41E8EA-B63A-4A95-84AC-9B52881D3888}.RelWithDebInfo|Win32.Build.0 = RelWithDebInfo|Win32
		{888E59D0-DCE9-4E22-A5D5-2DC1F16E6105}.Debug|Win32.ActiveCfg = Debug|Win32
		{888E59D0-DCE9-4E22-A5D5-2DC1F16E6105}.Debug|Win32.Build.0 = Debug|Win32
		{888E59D0-DCE9-4E22-A5D5-2DC1F16E6105}.Release|Win32.ActiveCfg = Release|Win32
		{888E59D0-DCE9-4E22-A5D5-2DC1F16E6105}.Release|Win32.Build.0 = Release|Win32
		{888E59D0-DCE9-4E22-A5D5-2DC1F16E6105}.MinSizeRel|Win32.ActiveCfg = MinSizeRel|Win32
		{888E59D0-DCE9-4E22-A5D5-2DC1F16E6105}.MinSizeRel|Win32.Build.0 = MinSizeRel|Win32
		{888E59D0-DCE9-4E22-A5D5-2DC1F16E6105}.RelWithDebInfo|Win32.ActiveCfg = RelWithDebInfo|Win32
		{888E59D0-DCE9-4E22-A5D5-2DC1F16E6105}.RelWithDebInfo|Win32.Build.0 = RelWithDebInfo|Win32
		{5955808E-C349-4DB2-B1A2-F72E2B4290A5}.Debug|Win32.ActiveCfg = Debug|Win32
		{5955808E-C349-4DB2-B1A2-F72E2B4290A5}.Debug|Win32.Build.0 = Debug|Win32
		{5955808E-C349-4DB2-B1A2-F72E2B4290A5}.Release|Win32.ActiveCfg = Release|Win32
		{5955808E-C349-4DB2-B1A2-F72E2B4290A5}.Release|Win32.Build.0 = Release|Win32
		{5955808E-C349-4DB2-B1A2-F72E2B4290A5}.MinSizeRel|Win32.ActiveCfg = MinSizeRel|Win32
		{5955808E-C349-4DB2-B1A2-F72E2B4290A5}.MinSizeRel|Win32.Build.0 = MinSizeRel|Win32
		{5955808E-C349-4DB2-B1A2-F72E2B4290A5}.RelWithDebInfo|Win32.ActiveCfg = RelWithDebInfo|Win32
		{5955808E-C349-4DB2-B1A2-F72E2B4290A5}.RelWithDebInfo|Win32.Build.0 = RelWithDebInfo|Win32
		{F57BFE56-7068-4009-8AC7-9A6AD93B5DC9}.Debug|Win32.ActiveCfg = Debug|Win32
		{F57BFE56-7068-4009-8AC7-9A6AD93B5DC9}.Debug|Win32.Build.0 = Debug|Win32
		{F57BFE56-7068-4009-8AC7-9A6AD93B5DC9}.Release|Win32.ActiveCfg = Release|Win32
		{F57BFE56-7068-4009-8AC7-9A6AD93B5DC9}.Release|Win32.Build.0 = Release|Win32
		{F57BFE56-7068-4009-8AC7-9A6AD93B5DC9}.MinSizeRel|Win32.ActiveCfg = MinSizeRel|Win32
		{F57BFE56-7068-4009-8AC7-9A6AD93B5DC9}.MinSizeRel|Win32.Build.0 = MinSizeRel|Win32
		{F57BFE56-7068-4009-8AC7-9A6AD93B5DC9}.RelWithDebInfo|Win32.ActiveCfg = RelWithDebInfo|Win32
		{F57BFE56-7068-4009-8AC7-9A6AD93B5DC9}.RelWithDebInfo|Win32.Build.0 = RelWithDebInfo|Win32
		{DBD35EBC-1247-41AA-BE53-E3A32BB38B68}.Debug|Win32.ActiveCfg = Debug|Win32
		{DBD35EBC-1247-41AA-BE53-E3A32BB38B68}.Debug|Win32.Build.0 = Debug|Win32
		{DBD35EBC-1247-41AA-BE53-E3A32BB38B68}.Release|Win32.ActiveCfg = Release|Win32
		{DBD35EBC-1247-41AA-BE53-E3A32BB38B68}.Release|Win32.Build.0 = Release|Win32
		{DBD35EBC-1247-41AA-BE53-E3A32BB38B68}.MinSizeRel|Win32.ActiveCfg = MinSizeRel|Win32
		{DBD35EBC-1247-41AA-BE53-E3A32BB38B68}.MinSizeRel|Win32.Build.0 = MinSizeRel|Win32
		{DBD35EBC-1247-41AA-BE53-E3A32BB38B68}.RelWithDebInfo|Win32.ActiveCfg = RelWithDebInfo|Win32
		{DBD35EBC-1247-41AA-BE53-E3A32BB38B68}.RelWithDebInfo|Win32.Build.0 = RelWithDebInfo|Win32
		{860EDE15-0AB9-498A-96AF-2AF612FB5C52}.Debug|Win32.ActiveCfg = Debug|Win32
		{860EDE15-0AB9-498A-96AF-2AF612FB5C52}.Debug|Win32.Build.0 = Debug|Win32
		{860EDE15-0AB9-498A-96AF-2AF612FB5C52}.Release|Win32.ActiveCfg = Release|Win32
		{860EDE15-0AB9-498A-96AF-2AF612FB5C52}.Release|Win32.Build.0 = Release|Win32
		{860EDE15-0AB9-498A-96AF-2AF612FB5C52}.MinSizeRel|Win32.ActiveCfg = MinSizeRel|Win32
		{860EDE15-0AB9-498A-96AF-2AF612FB5C52}.MinSizeRel|Win32.Build.0 = MinSizeRel|Win32
		{860EDE15-0AB9-498A-96AF-2AF612FB5C52}.RelWithDebInfo|Win32.ActiveCfg = RelWithDebInfo|Win32
		{860EDE15-0AB9-498A-96AF-2AF612FB5C52}.RelWithDebInfo|Win32.Build.0 = RelWithDebInfo|Win32
		{C0E1329C-3D6F-492D-8EFF-08069F096C6E}.Debug|Win32.ActiveCfg = Debug|Win32
		{C0E1329C-3D6F-492D-8EFF-08069F096C6E}.Debug|Win32.Build.0 = Debug|Win32
		{C0E1329C-3D6F-492D-8EFF-08069F096C6E}.Release|Win32.ActiveCfg = Release|Win32
		{C0E1329C-3D6F-492D-8EFF-08069F096C6E}.Release|Win32.Build.0 = Release|Win32
		{C0E1329C-3D6F-492D-8EFF-08069F096C6E}.MinSizeRel|Win32.ActiveCfg = MinSizeRel|Win32
		{C0E1329C-3D6F-492D-8EFF-08069F096C6E}.MinSizeRel|Win32.Build.0 = MinSizeRel|Win32
		{C0E1329C-3D6F-492D-8EFF-08069F096C6E}.RelWithDebInfo|Win32.ActiveCfg = RelWithDebInfo|Win32
		{C0E1329C-3D6F-492D-8EFF-08069F096C6E}.RelWithDebInfo|Win32.Build.0 = RelWithDebInfo|Win32
		{C50159E6-AB98-46A3-81DA-720CC6A8A86E}.Debug|Win32.ActiveCfg = Debug|Win32
		{C50159E6-AB98-46A3-81DA-720CC6A8A86E}.Debug|Win32.Build.0 = Debug|Win32
		{C50159E6-AB98-46A3-81DA-720CC6A8A86E}.Release|Win32.ActiveCfg = Release|Win32
		{C50159E6-AB98-46A3-81DA-720CC6A8A86E}.Release|Win32.Build.0 = Release|Win32
		{C50159E6-AB98-46A3-81DA-720CC6A8A86E}.MinSizeRel|Win32.ActiveCfg = MinSizeRel|Win32
		{C50159E6-AB98-46A3-81DA-720CC6A8A86E}.MinSizeRel|Win32.Build.0 = MinSizeRel|Win32
		{C50159E6-AB98-46A3-81DA-720CC6A8A86E}.RelWithDebInfo|Win32.ActiveCfg = RelWithDebInfo|Win32
		{C50159E6-AB98-46A3-81DA-720CC6A8A86E}.RelWithDebInfo|Win32.Build.0 = RelWithDebInfo|Win32
		{CCDF45E1-7A69-4D94-97F0-51D52A4E08B4}.Debug|Win32.ActiveCfg = Debug|Win32
		{CCDF45E1-7A69-4D94-97F0-51D52A4E08B4}.Debug|Win32.Build.0 = Debug|Win32
		{CCDF45E1-7A69-4D94-97F0-51D52A4E08B4}.Release|Win32.ActiveCfg = Release|Win32
		{CCDF45E1-7A69-4D94-97F0-51D52A4E08B4}.Release|Win32.Build.0 = Release|Win32
		{CCDF45E1-7A69-4D94-97F0-51D52A4E08B4}.MinSizeRel|Win32.ActiveCfg = MinSizeRel|Win32
		{CCDF45E1-7A69-4D94-97F0-51D52A4E08B4}.MinSizeRel|Win32.Build.0 = MinSizeRel|Win32
		{CCDF45E1-7A69-4D94-97F0-51D52A4E08B4}.RelWithDebInfo|Win32.ActiveCfg = RelWithDebInfo|Win32
		{CCDF45E1-7A69-4D94-97F0-51D52A4E08B4}.RelWithDebInfo|Win32.Build.0 = RelWithDebInfo|Win32
		{A0E7D548-5EF1-4D5A-A1E0-B92EC1EE6A3B}.Debug|Win32.ActiveCfg = Debug|Win32
		{A0E7D548-5EF1-4D5A-A1E0-B92EC1EE6A3B}.Debug|Win32.Build.0 = Debug|Win32
		{A0E7D548-5EF1-4D5A-A1E0-B92EC1EE6A3B}.Release|Win32.ActiveCfg = Release|Win32
		{A0E7D548-5EF1-4D5A-A1E0-B92EC1EE6A3B}.Release|Win32.Build.0 = Release|Win32
		{A0E7D548-5EF1-4D5A-A1E0-B92EC1EE6A3B}.MinSizeRel|Win32.ActiveCfg = MinSizeRel|Win32
		{A0E7D548-5EF1-4D5A-A1E0-B92EC1EE6A3B}.MinSizeRel|Win32.Build.0 = MinSizeRel|Win32
		{A0E7D548-5EF1-4D5A-A1E0-B92EC1EE6A3B}.RelWithDebInfo|Win32.ActiveCfg = RelWithDebInfo|Win32
		{A0E7D548-5EF1-4D5A-A1E0-B92EC1EE6A3B}.RelWithDebInfo|Win32.Build.0 = RelWithDebInfo|Win32
		{10FCD97B-724F-493D-9068-00BBE6303ADB}.Debug|Win32.ActiveCfg = Debug|Win32
		{10FCD97B-724F-493D-9068-00BBE6303ADB}.Debug|Win32.Build.0 = Debug|Win32
		{10FCD97B-724F-493D-9068-00BBE6303ADB}.Release|Win32.ActiveCfg = Release|Win32
		{10FCD97B-724F-493D-9068-00BBE6303ADB}.Release|Win32.Build.0 = Release|Win32
		{10FCD97B-724F-493D-9068-00BBE6303ADB}.MinSizeRel|Win32.ActiveCfg = MinSizeRel|Win32
		{10FCD97B-724F-493D-9068-00BBE6303ADB}.MinSizeRel|Win32.Build.0 = MinSizeRel|Win32
		{10FCD97B-724F-493D-9068-00BBE6303ADB}.RelWithDebInfo|Win32.ActiveCfg = RelWithDebInfo|Win32
		{10FCD97B-724F-493D-9068-00BBE6303ADB}.RelWithDebInfo|Win32.Build.0 = RelWithDebInfo|Win32
		{A926FC5F-8D16-4E23-9EBC-D7F69F92C380}.Debug|Win32.ActiveCfg = Debug|Win32
		{A926FC5F-8D16-4E23-9EBC-D7F69F92C380}.Debug|Win32.Build.0 = Debug|Win32
		{A926FC5F-8D16-4E23-9EBC-D7F69F92C380}.Release|Win32.ActiveCfg = Release|Win32
		{A926FC5F-8D16-4E23-9EBC-D7F69F92C380}.Release|Win32.Build.0 = Release|Win32
		{A926FC5F-8D16-4E23-9EBC-D7F69F92C380}.MinSizeRel|Win32.ActiveCfg = MinSizeRel|Win32
		{A926FC5F-8D16-4E23-9EBC-D7F69F92C380}.MinSizeRel|Win32.Build.0 = MinSizeRel|Win32
		{A926FC5F-8D16-4E23-9EBC-D7F69F92C380}.RelWithDebInfo|Win32.ActiveCfg = RelWithDebInfo|Win32
		{A926FC5F-8D16-4E23-9EBC-D7F69F92C380}.RelWithDebInfo|Win32.Build.0 = RelWithDebInfo|Win32
		{5D250DEC-4653-4B84-A7B5-3C26661E565E}.Debug|Win32.ActiveCfg = Debug|Win32
		{5D250DEC-4653-4B84-A7B5-3C26661E565E}.Debug|Win32.Build.0 = Debug|Win32
		{5D250DEC-4653-4B84-A7B5-3C26661E565E}.Release|Win32.ActiveCfg = Release|Win32
		{5D250DEC-4653-4B84-A7B5-3C26661E565E}.Release|Win32.Build.0 = Release|Win32
		{5D250DEC-4653-4B84-A7B5-3C26661E565E}.MinSizeRel|Win32.ActiveCfg = MinSizeRel|Win32
		{5D250DEC-4653-4B84-A7B5-3C26661E565E}.MinSizeRel|Win32.Build.0 = MinSizeRel|Win32
		{5D250DEC-4653-4B84-A7B5-3C26661E565E}.RelWithDebInfo|Win32.ActiveCfg = RelWithDebInfo|Win32
		{5D250DEC-4653-4B84-A7B5-3C26661E565E}.RelWithDebInfo|Win32.Build.0 = RelWithDebInfo|Win32
		{BAB3D7E2-358F-4D37-B7C4-1ED97648463D}.Debug|Win32.ActiveCfg = Debug|Win32
		{BAB3D7E2-358F-4D37-B7C4-1ED97648463D}.Debug|Win32.Build.0 = Debug|Win32
		{BAB3D7E2-358F-4D37-B7C4-1ED97648463D}.Release|Win32.ActiveCfg = Release|Win32
		{BAB3D7E2-358F-4D37-B7C4-1ED97648463D}.Release|Win32.Build.0 = Release|Win32
		{BAB3D7E2-358F-4D37-B7C4-1ED97648463D}.MinSizeRel|Win32.ActiveCfg = MinSizeRel|Win32
		{BAB3D7E2-358F-4D37-B7C4-1ED97648463D}.MinSizeRel|Win32.Build.0 = MinSizeRel|Win32
		{BAB3D7E2-358F-4D37-B7C4-1ED97648463D}.RelWithDebInfo|Win32.ActiveCfg = RelWithDebInfo|Win32
		{BAB3D7E2-358F-4D37-B7C4-1ED97648463D}.RelWithDebInfo|Win32.Build.0 = RelWithDebInfo|Win32
		{6DCA37A5-BCF5-4CDD-8CCA-7D33DE9A619C}.Debug|Win32.ActiveCfg = Debug|Win32
		{6DCA37A5-BCF5-4CDD-8CCA-7D33DE9A619C}.Debug|Win32.Build.0 = Debug|Win32
		{6DCA37A5-BCF5-4CDD-8CCA-7D33DE9A619C}.Release|Win32.ActiveCfg = Release|Win32
		{6DCA37A5-BCF5-4CDD-8CCA-7D33DE9A619C}.Release|Win32.Build.0 = Release|Win32
		{6DCA37A5-BCF5-4CDD-8CCA-7D33DE9A619C}.MinSizeRel|Win32.ActiveCfg = MinSizeRel|Win32
		{6DCA37A5-BCF5-4CDD-8CCA-7D33DE9A619C}.MinSizeRel|Win32.Build.0 = MinSizeRel|Win32
		{6DCA37A5-BCF5-4CDD-8CCA-7D33DE9A619C}.RelWithDebInfo|Win32.ActiveCfg = RelWithDebInfo|Win32
		{6DCA37A5-BCF5-4CDD-8CCA-7D33DE9A619C}.RelWithDebInfo|Win32.Build.0 = RelWithDebInfo|Win32
		{C9ED1693-ADB0-4413-9081-B065FF951DB5}.Debug|Win32.ActiveCfg = Debug|Win32
		{C9ED1693-ADB0-4413-9081-B065FF951DB5}.Debug|Win32.Build.0 = Debug|Win32
		{C9ED1693-ADB0-4413-9081-B065FF951DB5}.Release|Win32.ActiveCfg = Release|Win32
		{C9ED1693-ADB0-4413-9081-B065FF951DB5}.Release|Win32.Build.0 = Release|Win32
		{C9ED1693-ADB0-4413-9081-B065FF951DB5}.MinSizeRel|Win32.ActiveCfg = MinSizeRel|Win32
		{C9ED1693-ADB0-4413-9081-B065FF951DB5}.MinSizeRel|Win32.Build.0 = MinSizeRel|Win32
		{C9ED1693-ADB0-4413-9081-B065FF951DB5}.RelWithDebInfo|Win32.ActiveCfg = RelWithDebInfo|Win32
		{C9ED1693-ADB0-4413-9081-B065FF951DB5}.RelWithDebInfo|Win32.Build.0 = RelWithDebInfo|Win32
		{519F115F-F196-49FE-9B24-49618A6202BB}.Debug|Win32.ActiveCfg = Debug|Win32
		{519F115F-F196-49FE-9B24-49618A6202BB}.Debug|Win32.Build.0 = Debug|Win32
		{519F115F-F196-49FE-9B24-49618A6202BB}.Release|Win32.ActiveCfg = Release|Win32
		{519F115F-F196-49FE-9B24-49618A6202BB}.Release|Win32.Build.0 = Release|Win32
		{519F115F-F196-49FE-9B24-49618A6202BB}.MinSizeRel|Win32.ActiveCfg = MinSizeRel|Win32
		{519F115F-F196-49FE-9B24-49618A6202BB}.MinSizeRel|Win32.Build.0 = MinSizeRel|Win32
		{519F115F-F196-49FE-9B24-49618A6202BB}.RelWithDebInfo|Win32.ActiveCfg = RelWithDebInfo|Win32
		{519F115F-F196-49FE-9B24-49618A6202BB}.RelWithDebInfo|Win32.Build.0 = RelWithDebInfo|Win32
		{6EAFC796-D151-4623-9B8E-5118EB3EF155}.Debug|Win32.ActiveCfg = Debug|Win32
		{6EAFC796-D151-4623-9B8E-5118EB3EF155}.Debug|Win32.Build.0 = Debug|Win32
		{6EAFC796-D151-4623-9B8E-5118EB3EF155}.Release|Win32.ActiveCfg = Release|Win32
		{6EAFC796-D151-4623-9B8E-5118EB3EF155}.Release|Win32.Build.0 = Release|Win32
		{6EAFC796-D151-4623-9B8E-5118EB3EF155}.MinSizeRel|Win32.ActiveCfg = MinSizeRel|Win32
		{6EAFC796-D151-4623-9B8E-5118EB3EF155}.MinSizeRel|Win32.Build.0 = MinSizeRel|Win32
		{6EAFC796-D151-4623-9B8E-5118EB3EF155}.RelWithDebInfo|Win32.ActiveCfg = RelWithDebInfo|Win32
		{6EAFC796-D151-4623-9B8E-5118EB3EF155}.RelWithDebInfo|Win32.Build.0 = RelWithDebInfo|Win32
		{8D7F86F9-92DE-412A-BA72-88D24927E63E}.Debug|Win32.ActiveCfg = Debug|Win32
		{8D7F86F9-92DE-412A-BA72-88D24927E63E}.Debug|Win32.Build.0 = Debug|Win32
		{8D7F86F9-92DE-412A-BA72-88D24927E63E}.Release|Win32.ActiveCfg = Release|Win32
		{8D7F86F9-92DE-412A-BA72-88D24927E63E}.Release|Win32.Build.0 = Release|Win32
		{8D7F86F9-92DE-412A-BA72-88D24927E63E}.MinSizeRel|Win32.ActiveCfg = MinSizeRel|Win32
		{8D7F86F9-92DE-412A-BA72-88D24927E63E}.MinSizeRel|Win32.Build.0 = MinSizeRel|Win32
		{8D7F86F9-92DE-412A-BA72-88D24927E63E}.RelWithDebInfo|Win32.ActiveCfg = RelWithDebInfo|Win32
		{8D7F86F9-92DE-412A-BA72-88D24927E63E}.RelWithDebInfo|Win32.Build.0 = RelWithDebInfo|Win32
	EndGlobalSection
	GlobalSection(ExtensibilityGlobals) = postSolution
	EndGlobalSection
	GlobalSection(ExtensibilityAddIns) = postSolution
	EndGlobalSection
EndGlobal
